
Microsoft Visual Studio Solution File, Format Version 12.00
# Visual Studio Version 17
VisualStudioVersion = 17.2.32630.192
MinimumVisualStudioVersion = 10.0.40219.1
Project("{9A19103F-16F7-4668-BE54-9A1E7A4F7556}") = "R5T.F0058.Construction", "R5T.F0058.Construction\R5T.F0058.Construction.csproj", "{2CFCAD9F-8234-4E63-A160-6A2EC824137E}"
EndProject
Project("{9A19103F-16F7-4668-BE54-9A1E7A4F7556}") = "R5T.F0058", "R5T.F0058\R5T.F0058.csproj", "{32F79E47-5C0C-44CE-992D-BD7B0148A6C7}"
EndProject
Global
	GlobalSection(SolutionConfigurationPlatforms) = preSolution
		Debug|Any CPU = Debug|Any CPU
		Release|Any CPU = Release|Any CPU
	EndGlobalSection
	GlobalSection(ProjectConfigurationPlatforms) = postSolution
		{2CFCAD9F-8234-4E63-A160-6A2EC824137E}.Debug|Any CPU.ActiveCfg = Debug|Any CPU
		{2CFCAD9F-8234-4E63-A160-6A2EC824137E}.Debug|Any CPU.Build.0 = Debug|Any CPU
		{2CFCAD9F-8234-4E63-A160-6A2EC824137E}.Release|Any CPU.ActiveCfg = Release|Any CPU
		{2CFCAD9F-8234-4E63-A160-6A2EC824137E}.Release|Any CPU.Build.0 = Release|Any CPU
		{32F79E47-5C0C-44CE-992D-BD7B0148A6C7}.Debug|Any CPU.ActiveCfg = Debug|Any CPU
		{32F79E47-5C0C-44CE-992D-BD7B0148A6C7}.Debug|Any CPU.Build.0 = Debug|Any CPU
		{32F79E47-5C0C-44CE-992D-BD7B0148A6C7}.Release|Any CPU.ActiveCfg = Release|Any CPU
		{32F79E47-5C0C-44CE-992D-BD7B0148A6C7}.Release|Any CPU.Build.0 = Release|Any CPU
	EndGlobalSection
	GlobalSection(SolutionProperties) = preSolution
		HideSolutionNode = FALSE
	EndGlobalSection
	GlobalSection(ExtensibilityGlobals) = postSolution
		SolutionGuid = {267FD997-87E5-47D0-98E6-8FA89C3C8C4F}
	EndGlobalSection
EndGlobal
