
Microsoft Visual Studio Solution File, Format Version 12.00
# Visual Studio Version 17
VisualStudioVersion = 17.2.32630.192
MinimumVisualStudioVersion = 10.0.40219.1
Project("{9A19103F-16F7-4668-BE54-9A1E7A4F7556}") = "R5T.F0058.Construction", "R5T.F0058.Construction\R5T.F0058.Construction.csproj", "{2CFCAD9F-8234-4E63-A160-6A2EC824137E}"
EndProject
Project("{9A19103F-16F7-4668-BE54-9A1E7A4F7556}") = "R5T.F0058", "R5T.F0058\R5T.F0058.csproj", "{32F79E47-5C0C-44CE-992D-BD7B0148A6C7}"
EndProject
Project("{2150E333-8FDC-42A3-9474-1A3956D46DE8}") = "_Dependencies", "_Dependencies", "{F533E8DC-84FA-4A0D-85B8-E151900990A1}"
EndProject
Project("{9A19103F-16F7-4668-BE54-9A1E7A4F7556}") = "R5T.NG0003", "..\..\R5T.NG0003\source\R5T.NG0003\R5T.NG0003.csproj", "{FFD5ED95-CC24-40FC-94A7-AC07421601B0}"
EndProject
Project("{9A19103F-16F7-4668-BE54-9A1E7A4F7556}") = "R5T.F0035", "..\..\R5T.F0035\source\R5T.F0035\R5T.F0035.csproj", "{CA7470BF-E89B-432B-BB3A-0E3649F30DFF}"
EndProject
Project("{9A19103F-16F7-4668-BE54-9A1E7A4F7556}") = "R5T.F0037", "..\..\R5T.F0037\source\R5T.F0037\R5T.F0037.csproj", "{7D099042-8AE4-4644-9660-E74B527FED34}"
EndProject
Project("{9A19103F-16F7-4668-BE54-9A1E7A4F7556}") = "R5T.Z0014", "..\..\R5T.Z0014\source\R5T.Z0014\R5T.Z0014.csproj", "{A7BBAAC6-E98F-4969-B0D8-2556DDA79F81}"
EndProject
Project("{9A19103F-16F7-4668-BE54-9A1E7A4F7556}") = "R5T.NG0002", "..\..\R5T.NG0002\source\R5T.NG0002\R5T.NG0002.csproj", "{03A8F3B4-530B-434B-95C0-F99BCC234C8F}"
EndProject
Project("{9A19103F-16F7-4668-BE54-9A1E7A4F7556}") = "R5T.T0132", "..\..\R5T.T0132\source\R5T.T0132\R5T.T0132.csproj", "{8BD4207A-015C-4DB8-9056-F1493DC4623E}"
EndProject
Project("{9A19103F-16F7-4668-BE54-9A1E7A4F7556}") = "R5T.T0143", "..\..\R5T.T0143\source\R5T.T0143\R5T.T0143.csproj", "{69ECF2DB-C26F-433A-AD5A-5DE2AA9E8C7C}"
EndProject
Project("{9A19103F-16F7-4668-BE54-9A1E7A4F7556}") = "R5T.F0036", "..\..\R5T.F0036\source\R5T.F0036\R5T.F0036.csproj", "{A5A83230-1CBA-4FBE-A545-6843DE29C9DA}"
EndProject
Project("{9A19103F-16F7-4668-BE54-9A1E7A4F7556}") = "R5T.F0036.F001", "..\..\R5T.F0036\source\R5T.F0036.F001\R5T.F0036.F001.csproj", "{2F66CA56-B8F6-4489-A727-3952B54BABCD}"
EndProject
Project("{9A19103F-16F7-4668-BE54-9A1E7A4F7556}") = "R5T.T0142", "..\..\R5T.T0142\source\R5T.T0142\R5T.T0142.csproj", "{20F3E4F4-DEF1-47E4-985F-15FC60B2FE96}"
EndProject
Project("{9A19103F-16F7-4668-BE54-9A1E7A4F7556}") = "R5T.F0036.F000", "..\..\R5T.F0036\source\R5T.F0036.F000\R5T.F0036.F000.csproj", "{3E71D468-3CE2-4E2C-A6F8-8C68CC49C9FD}"
EndProject
Project("{9A19103F-16F7-4668-BE54-9A1E7A4F7556}") = "R5T.F0028", "..\..\R5T.F0028\source\R5T.F0028\R5T.F0028.csproj", "{98292E1D-E6E1-480D-9EC7-102103C456C9}"
EndProject
Project("{9A19103F-16F7-4668-BE54-9A1E7A4F7556}") = "R5T.F0036.T000", "..\..\R5T.F0036\source\R5T.F0036.T000\R5T.F0036.T000.csproj", "{0107E5C0-B9BD-4E9A-ABDD-D22135BC807B}"
EndProject
Project("{9A19103F-16F7-4668-BE54-9A1E7A4F7556}") = "R5T.F0036.F002", "..\..\R5T.F0036\source\R5T.F0036.F002\R5T.F0036.F002.csproj", "{E9682915-A592-4309-AB60-C5252DA8BEEF}"
EndProject
Project("{9A19103F-16F7-4668-BE54-9A1E7A4F7556}") = "R5T.T0147.T000", "..\..\R5T.T0147\source\R5T.T0147.T000\R5T.T0147.T000.csproj", "{F89BDBC4-1A61-4111-A699-2B0358EB223F}"
EndProject
Project("{9A19103F-16F7-4668-BE54-9A1E7A4F7556}") = "R5T.T0131", "..\..\R5T.T0131\source\R5T.T0131\R5T.T0131.csproj", "{D7AB36CF-1BE1-4C3D-B240-7411C2B25D0E}"
EndProject
Project("{9A19103F-16F7-4668-BE54-9A1E7A4F7556}") = "R5T.F0045", "..\..\R5T.F0045\source\R5T.F0045\R5T.F0045.csproj", "{EE92B47E-E5CF-41CA-BE74-AB82D3D16B22}"
EndProject
Project("{9A19103F-16F7-4668-BE54-9A1E7A4F7556}") = "R5T.F0042", "..\..\R5T.F0042\source\R5T.F0042\R5T.F0042.csproj", "{840D945F-5DAC-472D-A3AE-3ADDBD9F2C4F}"
EndProject
Project("{9A19103F-16F7-4668-BE54-9A1E7A4F7556}") = "R5T.F0041", "..\..\R5T.F0041\source\R5T.F0041\R5T.F0041.csproj", "{AF3FD08F-C26A-44A5-AB5A-44F6559967D4}"
EndProject
Project("{9A19103F-16F7-4668-BE54-9A1E7A4F7556}") = "R5T.F0002", "..\..\R5T.F0002\source\R5T.F0002\R5T.F0002.csproj", "{7DCB94C5-E94F-43F5-811A-C102269DD010}"
EndProject
Project("{9A19103F-16F7-4668-BE54-9A1E7A4F7556}") = "R5T.F0000", "..\..\R5T.F0000\source\R5T.F0000\R5T.F0000.csproj", "{ED1E28D2-5047-4DCB-8965-AA3552486271}"
EndProject
Project("{9A19103F-16F7-4668-BE54-9A1E7A4F7556}") = "R5T.Z0000", "..\..\R5T.Z0000\source\R5T.Z0000\R5T.Z0000.csproj", "{F259E9C8-E00B-47CB-A3B8-2B98AC4F92A1}"
EndProject
Project("{9A19103F-16F7-4668-BE54-9A1E7A4F7556}") = "R5T.Y0000", "..\..\R5T.Y0000\source\R5T.Y0000\R5T.Y0000.csproj", "{E6E52F7B-6B0F-47C2-B7A6-8957EAFCFA8F}"
EndProject
Project("{9A19103F-16F7-4668-BE54-9A1E7A4F7556}") = "R5T.F0019", "..\..\R5T.F0019\source\R5T.F0019\R5T.F0019.csproj", "{3C34866F-7ED9-4EDA-9D34-CEE0845F7D17}"
EndProject
Project("{9A19103F-16F7-4668-BE54-9A1E7A4F7556}") = "R5T.L0001.Y000", "..\..\R5T.L0001\source\R5T.L0001.Y000\R5T.L0001.Y000.csproj", "{63E89A65-92DE-44D5-B258-022DDA3D1B23}"
EndProject
Project("{9A19103F-16F7-4668-BE54-9A1E7A4F7556}") = "R5T.L0001.Z000", "..\..\R5T.L0001\source\R5T.L0001.Z000\R5T.L0001.Z000.csproj", "{89283EE9-FF83-4084-BD19-867C57FA916D}"
EndProject
Project("{9A19103F-16F7-4668-BE54-9A1E7A4F7556}") = "R5T.L0001", "..\..\R5T.L0001\source\R5T.L0001\R5T.L0001.csproj", "{C2D58E02-2465-4ABD-84B1-20AF3716EC5F}"
EndProject
Project("{9A19103F-16F7-4668-BE54-9A1E7A4F7556}") = "R5T.T0046", "..\..\R5T.T0046\source\R5T.T0046\R5T.T0046.csproj", "{48887014-8231-443D-A825-0E4AD900A8AD}"
EndProject
Project("{9A19103F-16F7-4668-BE54-9A1E7A4F7556}") = "R5T.T0144", "..\..\R5T.T0144\source\R5T.T0144\R5T.T0144.csproj", "{0CFACBE9-71AD-4676-977D-CD8908A0607D}"
EndProject
Project("{9A19103F-16F7-4668-BE54-9A1E7A4F7556}") = "R5T.Y0004", "..\..\R5T.Y0004\source\R5T.Y0004\R5T.Y0004.csproj", "{CCC41F59-FC68-446E-A6CA-41DCA27BC6E0}"
EndProject
Project("{9A19103F-16F7-4668-BE54-9A1E7A4F7556}") = "R5T.Z0005", "..\..\R5T.Z0005\source\R5T.Z0005\R5T.Z0005.csproj", "{4EAD0EBF-3CBC-4EF4-92CB-41A107DF4129}"
EndProject
Project("{9A19103F-16F7-4668-BE54-9A1E7A4F7556}") = "R5T.F0032", "..\..\R5T.F0032\source\R5T.F0032\R5T.F0032.csproj", "{2A0CE79A-1100-4C71-B188-9915A8E6C19D}"
EndProject
Project("{9A19103F-16F7-4668-BE54-9A1E7A4F7556}") = "R5T.L0019", "..\..\R5T.L0019\source\R5T.L0019\R5T.L0019.csproj", "{066D1A5F-4ED0-462B-84A8-218EC4EFB21F}"
EndProject
Project("{9A19103F-16F7-4668-BE54-9A1E7A4F7556}") = "R5T.F0046", "..\..\R5T.F0046\source\R5T.F0046\R5T.F0046.csproj", "{00FF52FA-6069-45C5-8B59-FC12A59CEBC1}"
EndProject
Project("{9A19103F-16F7-4668-BE54-9A1E7A4F7556}") = "R5T.F0047", "..\..\R5T.F0047\source\R5T.F0047\R5T.F0047.csproj", "{4B2769E7-97F4-4A67-997B-6618FFD92EA4}"
EndProject
Project("{9A19103F-16F7-4668-BE54-9A1E7A4F7556}") = "R5T.Z0013", "..\..\R5T.Z0013\source\R5T.Z0013\R5T.Z0013.csproj", "{93089D71-0B79-455D-AE23-6D5C59E435B9}"
EndProject
Project("{9A19103F-16F7-4668-BE54-9A1E7A4F7556}") = "R5T.F0057", "..\..\R5T.F0057\source\R5T.F0057\R5T.F0057.csproj", "{23ABE09E-CAF9-4C2E-9511-AC57B35348B2}"
EndProject
Project("{9A19103F-16F7-4668-BE54-9A1E7A4F7556}") = "R5T.NG0005", "..\..\R5T.NG0005\source\R5T.NG0005\R5T.NG0005.csproj", "{3DF64193-5C0D-4178-8B8F-AE641EDB34DD}"
EndProject
Project("{9A19103F-16F7-4668-BE54-9A1E7A4F7556}") = "R5T.NG0006", "..\..\R5T.NG0006\source\R5T.NG0006\R5T.NG0006.csproj", "{5D3FE5FA-2998-417D-8D50-A7D1B8174515}"
EndProject
Project("{9A19103F-16F7-4668-BE54-9A1E7A4F7556}") = "R5T.F0043", "..\..\R5T.F0043\source\R5T.F0043\R5T.F0043.csproj", "{8662DACB-A845-4EDF-A719-C8C691D90EEB}"
EndProject
Project("{9A19103F-16F7-4668-BE54-9A1E7A4F7556}") = "R5T.F0044", "..\..\R5T.F0044\source\R5T.F0044\R5T.F0044.csproj", "{898EECB3-E678-45DC-91FB-22CD6FFE5231}"
EndProject
Project("{9A19103F-16F7-4668-BE54-9A1E7A4F7556}") = "R5T.F0048", "..\..\R5T.F0048\source\R5T.F0048\R5T.F0048.csproj", "{DA533DAD-0043-408F-82F2-E1C93760B459}"
EndProject
Project("{9A19103F-16F7-4668-BE54-9A1E7A4F7556}") = "R5T.F0049", "..\..\R5T.F0049\source\R5T.F0049\R5T.F0049.csproj", "{D4FB53B3-9234-425C-B92C-AA11138D82A7}"
EndProject
Project("{9A19103F-16F7-4668-BE54-9A1E7A4F7556}") = "R5T.F0024", "..\..\R5T.F0024\source\R5T.F0024\R5T.F0024.csproj", "{CBEC2B2B-F870-4BBA-BB4B-C153ABF2ECC4}"
EndProject
Project("{9A19103F-16F7-4668-BE54-9A1E7A4F7556}") = "R5T.Z0009", "..\..\R5T.Z0009\source\R5T.Z0009\R5T.Z0009.csproj", "{3869A52F-9AC4-447A-8757-7C243E6F4E95}"
EndProject
Project("{9A19103F-16F7-4668-BE54-9A1E7A4F7556}") = "R5T.F0024.T001", "..\..\R5T.F0024\source\R5T.F0024.T001\R5T.F0024.T001.csproj", "{CA6887AF-07E7-46BE-9510-2498072A6032}"
EndProject
Project("{9A19103F-16F7-4668-BE54-9A1E7A4F7556}") = "R5T.F0050", "..\..\R5T.F0050\source\R5T.F0050\R5T.F0050.csproj", "{7CF1B3F7-07B1-43CB-ABB9-4E95D1988BB5}"
EndProject
Project("{9A19103F-16F7-4668-BE54-9A1E7A4F7556}") = "R5T.F0051", "..\..\R5T.F0051\source\R5T.F0051\R5T.F0051.csproj", "{0A546014-9314-4C6C-8E88-C511E5558F4B}"
EndProject
Project("{9A19103F-16F7-4668-BE54-9A1E7A4F7556}") = "R5T.F0020", "..\..\R5T.F0020\source\R5T.F0020\R5T.F0020.csproj", "{6E5B6B5F-2E87-4F9C-A003-1521D2FEF132}"
EndProject
Project("{9A19103F-16F7-4668-BE54-9A1E7A4F7556}") = "R5T.F0040.F000", "..\..\R5T.F0040\source\R5T.F0040.F000\R5T.F0040.F000.csproj", "{5A1CF3F0-0648-45DA-9F24-4428947DF744}"
EndProject
Project("{9A19103F-16F7-4668-BE54-9A1E7A4F7556}") = "R5T.F0052", "..\..\R5T.F0052\source\R5T.F0052\R5T.F0052.csproj", "{A3D8A260-EDF4-46EF-9D0F-2C042A79A647}"
EndProject
Project("{9A19103F-16F7-4668-BE54-9A1E7A4F7556}") = "R5T.F0053", "..\..\R5T.F0053\source\R5T.F0053\R5T.F0053.csproj", "{79B629A0-FB6C-4844-9BD6-181D1880C644}"
EndProject
Project("{9A19103F-16F7-4668-BE54-9A1E7A4F7556}") = "R5T.F0054", "..\..\R5T.F0054\source\R5T.F0054\R5T.F0054.csproj", "{6C0BF071-9579-45B9-A1F7-3B0CD3C1DE82}"
EndProject
Project("{9A19103F-16F7-4668-BE54-9A1E7A4F7556}") = "R5T.F0055", "..\..\R5T.F0055\source\R5T.F0055\R5T.F0055.csproj", "{C09937B9-6480-4DF1-A6BF-73ABCC6778C3}"
EndProject
Project("{9A19103F-16F7-4668-BE54-9A1E7A4F7556}") = "R5T.F0056", "..\..\R5T.F0056\source\R5T.F0056\R5T.F0056.csproj", "{585F7916-B25D-449A-AFF5-491644C26DCD}"
EndProject
Project("{9A19103F-16F7-4668-BE54-9A1E7A4F7556}") = "R5T.F0059", "..\..\R5T.F0059\source\R5T.F0059\R5T.F0059.csproj", "{09457648-047D-438A-807F-F930BC2FC08A}"
EndProject
Project("{9A19103F-16F7-4668-BE54-9A1E7A4F7556}") = "R5T.F0060", "..\..\R5T.F0060\source\R5T.F0060\R5T.F0060.csproj", "{7A73B0F0-7275-4A9A-A146-28D685EA76C3}"
EndProject
Project("{9A19103F-16F7-4668-BE54-9A1E7A4F7556}") = "R5T.T0146", "..\..\R5T.T0146\source\R5T.T0146\R5T.T0146.csproj", "{6400235B-669E-4EF8-B465-FB9484062F26}"
EndProject
Project("{9A19103F-16F7-4668-BE54-9A1E7A4F7556}") = "R5T.Z0015", "..\..\R5T.Z0015\source\R5T.Z0015\R5T.Z0015.csproj", "{A1F52DA0-A389-4BED-BF46-0620F35B694B}"
EndProject
Project("{9A19103F-16F7-4668-BE54-9A1E7A4F7556}") = "R5T.F0061", "..\..\R5T.F0061\source\R5T.F0061\R5T.F0061.csproj", "{1D16E8BB-28FC-4D35-93EE-148B19275340}"
EndProject
Project("{9A19103F-16F7-4668-BE54-9A1E7A4F7556}") = "R5T.F0063", "..\..\R5T.F0063\source\R5T.F0063\R5T.F0063.csproj", "{C9A30463-6D60-4051-B2D2-B9C5CAC355DB}"
EndProject
Global
	GlobalSection(SolutionConfigurationPlatforms) = preSolution
		Debug|Any CPU = Debug|Any CPU
		Release|Any CPU = Release|Any CPU
	EndGlobalSection
	GlobalSection(ProjectConfigurationPlatforms) = postSolution
		{2CFCAD9F-8234-4E63-A160-6A2EC824137E}.Debug|Any CPU.ActiveCfg = Debug|Any CPU
		{2CFCAD9F-8234-4E63-A160-6A2EC824137E}.Debug|Any CPU.Build.0 = Debug|Any CPU
		{2CFCAD9F-8234-4E63-A160-6A2EC824137E}.Release|Any CPU.ActiveCfg = Release|Any CPU
		{2CFCAD9F-8234-4E63-A160-6A2EC824137E}.Release|Any CPU.Build.0 = Release|Any CPU
		{32F79E47-5C0C-44CE-992D-BD7B0148A6C7}.Debug|Any CPU.ActiveCfg = Debug|Any CPU
		{32F79E47-5C0C-44CE-992D-BD7B0148A6C7}.Debug|Any CPU.Build.0 = Debug|Any CPU
		{32F79E47-5C0C-44CE-992D-BD7B0148A6C7}.Release|Any CPU.ActiveCfg = Release|Any CPU
		{32F79E47-5C0C-44CE-992D-BD7B0148A6C7}.Release|Any CPU.Build.0 = Release|Any CPU
		{FFD5ED95-CC24-40FC-94A7-AC07421601B0}.Debug|Any CPU.ActiveCfg = Debug|Any CPU
		{FFD5ED95-CC24-40FC-94A7-AC07421601B0}.Debug|Any CPU.Build.0 = Debug|Any CPU
		{FFD5ED95-CC24-40FC-94A7-AC07421601B0}.Release|Any CPU.ActiveCfg = Release|Any CPU
		{FFD5ED95-CC24-40FC-94A7-AC07421601B0}.Release|Any CPU.Build.0 = Release|Any CPU
		{CA7470BF-E89B-432B-BB3A-0E3649F30DFF}.Debug|Any CPU.ActiveCfg = Debug|Any CPU
		{CA7470BF-E89B-432B-BB3A-0E3649F30DFF}.Debug|Any CPU.Build.0 = Debug|Any CPU
		{CA7470BF-E89B-432B-BB3A-0E3649F30DFF}.Release|Any CPU.ActiveCfg = Release|Any CPU
		{CA7470BF-E89B-432B-BB3A-0E3649F30DFF}.Release|Any CPU.Build.0 = Release|Any CPU
		{7D099042-8AE4-4644-9660-E74B527FED34}.Debug|Any CPU.ActiveCfg = Debug|Any CPU
		{7D099042-8AE4-4644-9660-E74B527FED34}.Debug|Any CPU.Build.0 = Debug|Any CPU
		{7D099042-8AE4-4644-9660-E74B527FED34}.Release|Any CPU.ActiveCfg = Release|Any CPU
		{7D099042-8AE4-4644-9660-E74B527FED34}.Release|Any CPU.Build.0 = Release|Any CPU
		{A7BBAAC6-E98F-4969-B0D8-2556DDA79F81}.Debug|Any CPU.ActiveCfg = Debug|Any CPU
		{A7BBAAC6-E98F-4969-B0D8-2556DDA79F81}.Debug|Any CPU.Build.0 = Debug|Any CPU
		{A7BBAAC6-E98F-4969-B0D8-2556DDA79F81}.Release|Any CPU.ActiveCfg = Release|Any CPU
		{A7BBAAC6-E98F-4969-B0D8-2556DDA79F81}.Release|Any CPU.Build.0 = Release|Any CPU
		{03A8F3B4-530B-434B-95C0-F99BCC234C8F}.Debug|Any CPU.ActiveCfg = Debug|Any CPU
		{03A8F3B4-530B-434B-95C0-F99BCC234C8F}.Debug|Any CPU.Build.0 = Debug|Any CPU
		{03A8F3B4-530B-434B-95C0-F99BCC234C8F}.Release|Any CPU.ActiveCfg = Release|Any CPU
		{03A8F3B4-530B-434B-95C0-F99BCC234C8F}.Release|Any CPU.Build.0 = Release|Any CPU
		{8BD4207A-015C-4DB8-9056-F1493DC4623E}.Debug|Any CPU.ActiveCfg = Debug|Any CPU
		{8BD4207A-015C-4DB8-9056-F1493DC4623E}.Debug|Any CPU.Build.0 = Debug|Any CPU
		{8BD4207A-015C-4DB8-9056-F1493DC4623E}.Release|Any CPU.ActiveCfg = Release|Any CPU
		{8BD4207A-015C-4DB8-9056-F1493DC4623E}.Release|Any CPU.Build.0 = Release|Any CPU
		{69ECF2DB-C26F-433A-AD5A-5DE2AA9E8C7C}.Debug|Any CPU.ActiveCfg = Debug|Any CPU
		{69ECF2DB-C26F-433A-AD5A-5DE2AA9E8C7C}.Debug|Any CPU.Build.0 = Debug|Any CPU
		{69ECF2DB-C26F-433A-AD5A-5DE2AA9E8C7C}.Release|Any CPU.ActiveCfg = Release|Any CPU
		{69ECF2DB-C26F-433A-AD5A-5DE2AA9E8C7C}.Release|Any CPU.Build.0 = Release|Any CPU
		{A5A83230-1CBA-4FBE-A545-6843DE29C9DA}.Debug|Any CPU.ActiveCfg = Debug|Any CPU
		{A5A83230-1CBA-4FBE-A545-6843DE29C9DA}.Debug|Any CPU.Build.0 = Debug|Any CPU
		{A5A83230-1CBA-4FBE-A545-6843DE29C9DA}.Release|Any CPU.ActiveCfg = Release|Any CPU
		{A5A83230-1CBA-4FBE-A545-6843DE29C9DA}.Release|Any CPU.Build.0 = Release|Any CPU
		{2F66CA56-B8F6-4489-A727-3952B54BABCD}.Debug|Any CPU.ActiveCfg = Debug|Any CPU
		{2F66CA56-B8F6-4489-A727-3952B54BABCD}.Debug|Any CPU.Build.0 = Debug|Any CPU
		{2F66CA56-B8F6-4489-A727-3952B54BABCD}.Release|Any CPU.ActiveCfg = Release|Any CPU
		{2F66CA56-B8F6-4489-A727-3952B54BABCD}.Release|Any CPU.Build.0 = Release|Any CPU
		{20F3E4F4-DEF1-47E4-985F-15FC60B2FE96}.Debug|Any CPU.ActiveCfg = Debug|Any CPU
		{20F3E4F4-DEF1-47E4-985F-15FC60B2FE96}.Debug|Any CPU.Build.0 = Debug|Any CPU
		{20F3E4F4-DEF1-47E4-985F-15FC60B2FE96}.Release|Any CPU.ActiveCfg = Release|Any CPU
		{20F3E4F4-DEF1-47E4-985F-15FC60B2FE96}.Release|Any CPU.Build.0 = Release|Any CPU
		{3E71D468-3CE2-4E2C-A6F8-8C68CC49C9FD}.Debug|Any CPU.ActiveCfg = Debug|Any CPU
		{3E71D468-3CE2-4E2C-A6F8-8C68CC49C9FD}.Debug|Any CPU.Build.0 = Debug|Any CPU
		{3E71D468-3CE2-4E2C-A6F8-8C68CC49C9FD}.Release|Any CPU.ActiveCfg = Release|Any CPU
		{3E71D468-3CE2-4E2C-A6F8-8C68CC49C9FD}.Release|Any CPU.Build.0 = Release|Any CPU
		{98292E1D-E6E1-480D-9EC7-102103C456C9}.Debug|Any CPU.ActiveCfg = Debug|Any CPU
		{98292E1D-E6E1-480D-9EC7-102103C456C9}.Debug|Any CPU.Build.0 = Debug|Any CPU
		{98292E1D-E6E1-480D-9EC7-102103C456C9}.Release|Any CPU.ActiveCfg = Release|Any CPU
		{98292E1D-E6E1-480D-9EC7-102103C456C9}.Release|Any CPU.Build.0 = Release|Any CPU
		{0107E5C0-B9BD-4E9A-ABDD-D22135BC807B}.Debug|Any CPU.ActiveCfg = Debug|Any CPU
		{0107E5C0-B9BD-4E9A-ABDD-D22135BC807B}.Debug|Any CPU.Build.0 = Debug|Any CPU
		{0107E5C0-B9BD-4E9A-ABDD-D22135BC807B}.Release|Any CPU.ActiveCfg = Release|Any CPU
		{0107E5C0-B9BD-4E9A-ABDD-D22135BC807B}.Release|Any CPU.Build.0 = Release|Any CPU
		{E9682915-A592-4309-AB60-C5252DA8BEEF}.Debug|Any CPU.ActiveCfg = Debug|Any CPU
		{E9682915-A592-4309-AB60-C5252DA8BEEF}.Debug|Any CPU.Build.0 = Debug|Any CPU
		{E9682915-A592-4309-AB60-C5252DA8BEEF}.Release|Any CPU.ActiveCfg = Release|Any CPU
		{E9682915-A592-4309-AB60-C5252DA8BEEF}.Release|Any CPU.Build.0 = Release|Any CPU
		{F89BDBC4-1A61-4111-A699-2B0358EB223F}.Debug|Any CPU.ActiveCfg = Debug|Any CPU
		{F89BDBC4-1A61-4111-A699-2B0358EB223F}.Debug|Any CPU.Build.0 = Debug|Any CPU
		{F89BDBC4-1A61-4111-A699-2B0358EB223F}.Release|Any CPU.ActiveCfg = Release|Any CPU
		{F89BDBC4-1A61-4111-A699-2B0358EB223F}.Release|Any CPU.Build.0 = Release|Any CPU
		{D7AB36CF-1BE1-4C3D-B240-7411C2B25D0E}.Debug|Any CPU.ActiveCfg = Debug|Any CPU
		{D7AB36CF-1BE1-4C3D-B240-7411C2B25D0E}.Debug|Any CPU.Build.0 = Debug|Any CPU
		{D7AB36CF-1BE1-4C3D-B240-7411C2B25D0E}.Release|Any CPU.ActiveCfg = Release|Any CPU
		{D7AB36CF-1BE1-4C3D-B240-7411C2B25D0E}.Release|Any CPU.Build.0 = Release|Any CPU
		{EE92B47E-E5CF-41CA-BE74-AB82D3D16B22}.Debug|Any CPU.ActiveCfg = Debug|Any CPU
		{EE92B47E-E5CF-41CA-BE74-AB82D3D16B22}.Debug|Any CPU.Build.0 = Debug|Any CPU
		{EE92B47E-E5CF-41CA-BE74-AB82D3D16B22}.Release|Any CPU.ActiveCfg = Release|Any CPU
		{EE92B47E-E5CF-41CA-BE74-AB82D3D16B22}.Release|Any CPU.Build.0 = Release|Any CPU
		{840D945F-5DAC-472D-A3AE-3ADDBD9F2C4F}.Debug|Any CPU.ActiveCfg = Debug|Any CPU
		{840D945F-5DAC-472D-A3AE-3ADDBD9F2C4F}.Debug|Any CPU.Build.0 = Debug|Any CPU
		{840D945F-5DAC-472D-A3AE-3ADDBD9F2C4F}.Release|Any CPU.ActiveCfg = Release|Any CPU
		{840D945F-5DAC-472D-A3AE-3ADDBD9F2C4F}.Release|Any CPU.Build.0 = Release|Any CPU
		{AF3FD08F-C26A-44A5-AB5A-44F6559967D4}.Debug|Any CPU.ActiveCfg = Debug|Any CPU
		{AF3FD08F-C26A-44A5-AB5A-44F6559967D4}.Debug|Any CPU.Build.0 = Debug|Any CPU
		{AF3FD08F-C26A-44A5-AB5A-44F6559967D4}.Release|Any CPU.ActiveCfg = Release|Any CPU
		{AF3FD08F-C26A-44A5-AB5A-44F6559967D4}.Release|Any CPU.Build.0 = Release|Any CPU
		{7DCB94C5-E94F-43F5-811A-C102269DD010}.Debug|Any CPU.ActiveCfg = Debug|Any CPU
		{7DCB94C5-E94F-43F5-811A-C102269DD010}.Debug|Any CPU.Build.0 = Debug|Any CPU
		{7DCB94C5-E94F-43F5-811A-C102269DD010}.Release|Any CPU.ActiveCfg = Release|Any CPU
		{7DCB94C5-E94F-43F5-811A-C102269DD010}.Release|Any CPU.Build.0 = Release|Any CPU
		{ED1E28D2-5047-4DCB-8965-AA3552486271}.Debug|Any CPU.ActiveCfg = Debug|Any CPU
		{ED1E28D2-5047-4DCB-8965-AA3552486271}.Debug|Any CPU.Build.0 = Debug|Any CPU
		{ED1E28D2-5047-4DCB-8965-AA3552486271}.Release|Any CPU.ActiveCfg = Release|Any CPU
		{ED1E28D2-5047-4DCB-8965-AA3552486271}.Release|Any CPU.Build.0 = Release|Any CPU
		{F259E9C8-E00B-47CB-A3B8-2B98AC4F92A1}.Debug|Any CPU.ActiveCfg = Debug|Any CPU
		{F259E9C8-E00B-47CB-A3B8-2B98AC4F92A1}.Debug|Any CPU.Build.0 = Debug|Any CPU
		{F259E9C8-E00B-47CB-A3B8-2B98AC4F92A1}.Release|Any CPU.ActiveCfg = Release|Any CPU
		{F259E9C8-E00B-47CB-A3B8-2B98AC4F92A1}.Release|Any CPU.Build.0 = Release|Any CPU
		{E6E52F7B-6B0F-47C2-B7A6-8957EAFCFA8F}.Debug|Any CPU.ActiveCfg = Debug|Any CPU
		{E6E52F7B-6B0F-47C2-B7A6-8957EAFCFA8F}.Debug|Any CPU.Build.0 = Debug|Any CPU
		{E6E52F7B-6B0F-47C2-B7A6-8957EAFCFA8F}.Release|Any CPU.ActiveCfg = Release|Any CPU
		{E6E52F7B-6B0F-47C2-B7A6-8957EAFCFA8F}.Release|Any CPU.Build.0 = Release|Any CPU
		{3C34866F-7ED9-4EDA-9D34-CEE0845F7D17}.Debug|Any CPU.ActiveCfg = Debug|Any CPU
		{3C34866F-7ED9-4EDA-9D34-CEE0845F7D17}.Debug|Any CPU.Build.0 = Debug|Any CPU
		{3C34866F-7ED9-4EDA-9D34-CEE0845F7D17}.Release|Any CPU.ActiveCfg = Release|Any CPU
		{3C34866F-7ED9-4EDA-9D34-CEE0845F7D17}.Release|Any CPU.Build.0 = Release|Any CPU
		{63E89A65-92DE-44D5-B258-022DDA3D1B23}.Debug|Any CPU.ActiveCfg = Debug|Any CPU
		{63E89A65-92DE-44D5-B258-022DDA3D1B23}.Debug|Any CPU.Build.0 = Debug|Any CPU
		{63E89A65-92DE-44D5-B258-022DDA3D1B23}.Release|Any CPU.ActiveCfg = Release|Any CPU
		{63E89A65-92DE-44D5-B258-022DDA3D1B23}.Release|Any CPU.Build.0 = Release|Any CPU
		{89283EE9-FF83-4084-BD19-867C57FA916D}.Debug|Any CPU.ActiveCfg = Debug|Any CPU
		{89283EE9-FF83-4084-BD19-867C57FA916D}.Debug|Any CPU.Build.0 = Debug|Any CPU
		{89283EE9-FF83-4084-BD19-867C57FA916D}.Release|Any CPU.ActiveCfg = Release|Any CPU
		{89283EE9-FF83-4084-BD19-867C57FA916D}.Release|Any CPU.Build.0 = Release|Any CPU
		{C2D58E02-2465-4ABD-84B1-20AF3716EC5F}.Debug|Any CPU.ActiveCfg = Debug|Any CPU
		{C2D58E02-2465-4ABD-84B1-20AF3716EC5F}.Debug|Any CPU.Build.0 = Debug|Any CPU
		{C2D58E02-2465-4ABD-84B1-20AF3716EC5F}.Release|Any CPU.ActiveCfg = Release|Any CPU
		{C2D58E02-2465-4ABD-84B1-20AF3716EC5F}.Release|Any CPU.Build.0 = Release|Any CPU
		{48887014-8231-443D-A825-0E4AD900A8AD}.Debug|Any CPU.ActiveCfg = Debug|Any CPU
		{48887014-8231-443D-A825-0E4AD900A8AD}.Debug|Any CPU.Build.0 = Debug|Any CPU
		{48887014-8231-443D-A825-0E4AD900A8AD}.Release|Any CPU.ActiveCfg = Release|Any CPU
		{48887014-8231-443D-A825-0E4AD900A8AD}.Release|Any CPU.Build.0 = Release|Any CPU
		{0CFACBE9-71AD-4676-977D-CD8908A0607D}.Debug|Any CPU.ActiveCfg = Debug|Any CPU
		{0CFACBE9-71AD-4676-977D-CD8908A0607D}.Debug|Any CPU.Build.0 = Debug|Any CPU
		{0CFACBE9-71AD-4676-977D-CD8908A0607D}.Release|Any CPU.ActiveCfg = Release|Any CPU
		{0CFACBE9-71AD-4676-977D-CD8908A0607D}.Release|Any CPU.Build.0 = Release|Any CPU
		{CCC41F59-FC68-446E-A6CA-41DCA27BC6E0}.Debug|Any CPU.ActiveCfg = Debug|Any CPU
		{CCC41F59-FC68-446E-A6CA-41DCA27BC6E0}.Debug|Any CPU.Build.0 = Debug|Any CPU
		{CCC41F59-FC68-446E-A6CA-41DCA27BC6E0}.Release|Any CPU.ActiveCfg = Release|Any CPU
		{CCC41F59-FC68-446E-A6CA-41DCA27BC6E0}.Release|Any CPU.Build.0 = Release|Any CPU
		{4EAD0EBF-3CBC-4EF4-92CB-41A107DF4129}.Debug|Any CPU.ActiveCfg = Debug|Any CPU
		{4EAD0EBF-3CBC-4EF4-92CB-41A107DF4129}.Debug|Any CPU.Build.0 = Debug|Any CPU
		{4EAD0EBF-3CBC-4EF4-92CB-41A107DF4129}.Release|Any CPU.ActiveCfg = Release|Any CPU
		{4EAD0EBF-3CBC-4EF4-92CB-41A107DF4129}.Release|Any CPU.Build.0 = Release|Any CPU
		{2A0CE79A-1100-4C71-B188-9915A8E6C19D}.Debug|Any CPU.ActiveCfg = Debug|Any CPU
		{2A0CE79A-1100-4C71-B188-9915A8E6C19D}.Debug|Any CPU.Build.0 = Debug|Any CPU
		{2A0CE79A-1100-4C71-B188-9915A8E6C19D}.Release|Any CPU.ActiveCfg = Release|Any CPU
		{2A0CE79A-1100-4C71-B188-9915A8E6C19D}.Release|Any CPU.Build.0 = Release|Any CPU
		{066D1A5F-4ED0-462B-84A8-218EC4EFB21F}.Debug|Any CPU.ActiveCfg = Debug|Any CPU
		{066D1A5F-4ED0-462B-84A8-218EC4EFB21F}.Debug|Any CPU.Build.0 = Debug|Any CPU
		{066D1A5F-4ED0-462B-84A8-218EC4EFB21F}.Release|Any CPU.ActiveCfg = Release|Any CPU
		{066D1A5F-4ED0-462B-84A8-218EC4EFB21F}.Release|Any CPU.Build.0 = Release|Any CPU
		{00FF52FA-6069-45C5-8B59-FC12A59CEBC1}.Debug|Any CPU.ActiveCfg = Debug|Any CPU
		{00FF52FA-6069-45C5-8B59-FC12A59CEBC1}.Debug|Any CPU.Build.0 = Debug|Any CPU
		{00FF52FA-6069-45C5-8B59-FC12A59CEBC1}.Release|Any CPU.ActiveCfg = Release|Any CPU
		{00FF52FA-6069-45C5-8B59-FC12A59CEBC1}.Release|Any CPU.Build.0 = Release|Any CPU
		{4B2769E7-97F4-4A67-997B-6618FFD92EA4}.Debug|Any CPU.ActiveCfg = Debug|Any CPU
		{4B2769E7-97F4-4A67-997B-6618FFD92EA4}.Debug|Any CPU.Build.0 = Debug|Any CPU
		{4B2769E7-97F4-4A67-997B-6618FFD92EA4}.Release|Any CPU.ActiveCfg = Release|Any CPU
		{4B2769E7-97F4-4A67-997B-6618FFD92EA4}.Release|Any CPU.Build.0 = Release|Any CPU
		{93089D71-0B79-455D-AE23-6D5C59E435B9}.Debug|Any CPU.ActiveCfg = Debug|Any CPU
		{93089D71-0B79-455D-AE23-6D5C59E435B9}.Debug|Any CPU.Build.0 = Debug|Any CPU
		{93089D71-0B79-455D-AE23-6D5C59E435B9}.Release|Any CPU.ActiveCfg = Release|Any CPU
		{93089D71-0B79-455D-AE23-6D5C59E435B9}.Release|Any CPU.Build.0 = Release|Any CPU
		{23ABE09E-CAF9-4C2E-9511-AC57B35348B2}.Debug|Any CPU.ActiveCfg = Debug|Any CPU
		{23ABE09E-CAF9-4C2E-9511-AC57B35348B2}.Debug|Any CPU.Build.0 = Debug|Any CPU
		{23ABE09E-CAF9-4C2E-9511-AC57B35348B2}.Release|Any CPU.ActiveCfg = Release|Any CPU
		{23ABE09E-CAF9-4C2E-9511-AC57B35348B2}.Release|Any CPU.Build.0 = Release|Any CPU
		{3DF64193-5C0D-4178-8B8F-AE641EDB34DD}.Debug|Any CPU.ActiveCfg = Debug|Any CPU
		{3DF64193-5C0D-4178-8B8F-AE641EDB34DD}.Debug|Any CPU.Build.0 = Debug|Any CPU
		{3DF64193-5C0D-4178-8B8F-AE641EDB34DD}.Release|Any CPU.ActiveCfg = Release|Any CPU
		{3DF64193-5C0D-4178-8B8F-AE641EDB34DD}.Release|Any CPU.Build.0 = Release|Any CPU
		{5D3FE5FA-2998-417D-8D50-A7D1B8174515}.Debug|Any CPU.ActiveCfg = Debug|Any CPU
		{5D3FE5FA-2998-417D-8D50-A7D1B8174515}.Debug|Any CPU.Build.0 = Debug|Any CPU
		{5D3FE5FA-2998-417D-8D50-A7D1B8174515}.Release|Any CPU.ActiveCfg = Release|Any CPU
		{5D3FE5FA-2998-417D-8D50-A7D1B8174515}.Release|Any CPU.Build.0 = Release|Any CPU
		{8662DACB-A845-4EDF-A719-C8C691D90EEB}.Debug|Any CPU.ActiveCfg = Debug|Any CPU
		{8662DACB-A845-4EDF-A719-C8C691D90EEB}.Debug|Any CPU.Build.0 = Debug|Any CPU
		{8662DACB-A845-4EDF-A719-C8C691D90EEB}.Release|Any CPU.ActiveCfg = Release|Any CPU
		{8662DACB-A845-4EDF-A719-C8C691D90EEB}.Release|Any CPU.Build.0 = Release|Any CPU
		{898EECB3-E678-45DC-91FB-22CD6FFE5231}.Debug|Any CPU.ActiveCfg = Debug|Any CPU
		{898EECB3-E678-45DC-91FB-22CD6FFE5231}.Debug|Any CPU.Build.0 = Debug|Any CPU
		{898EECB3-E678-45DC-91FB-22CD6FFE5231}.Release|Any CPU.ActiveCfg = Release|Any CPU
		{898EECB3-E678-45DC-91FB-22CD6FFE5231}.Release|Any CPU.Build.0 = Release|Any CPU
		{DA533DAD-0043-408F-82F2-E1C93760B459}.Debug|Any CPU.ActiveCfg = Debug|Any CPU
		{DA533DAD-0043-408F-82F2-E1C93760B459}.Debug|Any CPU.Build.0 = Debug|Any CPU
		{DA533DAD-0043-408F-82F2-E1C93760B459}.Release|Any CPU.ActiveCfg = Release|Any CPU
		{DA533DAD-0043-408F-82F2-E1C93760B459}.Release|Any CPU.Build.0 = Release|Any CPU
		{D4FB53B3-9234-425C-B92C-AA11138D82A7}.Debug|Any CPU.ActiveCfg = Debug|Any CPU
		{D4FB53B3-9234-425C-B92C-AA11138D82A7}.Debug|Any CPU.Build.0 = Debug|Any CPU
		{D4FB53B3-9234-425C-B92C-AA11138D82A7}.Release|Any CPU.ActiveCfg = Release|Any CPU
		{D4FB53B3-9234-425C-B92C-AA11138D82A7}.Release|Any CPU.Build.0 = Release|Any CPU
		{CBEC2B2B-F870-4BBA-BB4B-C153ABF2ECC4}.Debug|Any CPU.ActiveCfg = Debug|Any CPU
		{CBEC2B2B-F870-4BBA-BB4B-C153ABF2ECC4}.Debug|Any CPU.Build.0 = Debug|Any CPU
		{CBEC2B2B-F870-4BBA-BB4B-C153ABF2ECC4}.Release|Any CPU.ActiveCfg = Release|Any CPU
		{CBEC2B2B-F870-4BBA-BB4B-C153ABF2ECC4}.Release|Any CPU.Build.0 = Release|Any CPU
		{3869A52F-9AC4-447A-8757-7C243E6F4E95}.Debug|Any CPU.ActiveCfg = Debug|Any CPU
		{3869A52F-9AC4-447A-8757-7C243E6F4E95}.Debug|Any CPU.Build.0 = Debug|Any CPU
		{3869A52F-9AC4-447A-8757-7C243E6F4E95}.Release|Any CPU.ActiveCfg = Release|Any CPU
		{3869A52F-9AC4-447A-8757-7C243E6F4E95}.Release|Any CPU.Build.0 = Release|Any CPU
		{CA6887AF-07E7-46BE-9510-2498072A6032}.Debug|Any CPU.ActiveCfg = Debug|Any CPU
		{CA6887AF-07E7-46BE-9510-2498072A6032}.Debug|Any CPU.Build.0 = Debug|Any CPU
		{CA6887AF-07E7-46BE-9510-2498072A6032}.Release|Any CPU.ActiveCfg = Release|Any CPU
		{CA6887AF-07E7-46BE-9510-2498072A6032}.Release|Any CPU.Build.0 = Release|Any CPU
		{7CF1B3F7-07B1-43CB-ABB9-4E95D1988BB5}.Debug|Any CPU.ActiveCfg = Debug|Any CPU
		{7CF1B3F7-07B1-43CB-ABB9-4E95D1988BB5}.Debug|Any CPU.Build.0 = Debug|Any CPU
		{7CF1B3F7-07B1-43CB-ABB9-4E95D1988BB5}.Release|Any CPU.ActiveCfg = Release|Any CPU
		{7CF1B3F7-07B1-43CB-ABB9-4E95D1988BB5}.Release|Any CPU.Build.0 = Release|Any CPU
		{0A546014-9314-4C6C-8E88-C511E5558F4B}.Debug|Any CPU.ActiveCfg = Debug|Any CPU
		{0A546014-9314-4C6C-8E88-C511E5558F4B}.Debug|Any CPU.Build.0 = Debug|Any CPU
		{0A546014-9314-4C6C-8E88-C511E5558F4B}.Release|Any CPU.ActiveCfg = Release|Any CPU
		{0A546014-9314-4C6C-8E88-C511E5558F4B}.Release|Any CPU.Build.0 = Release|Any CPU
		{6E5B6B5F-2E87-4F9C-A003-1521D2FEF132}.Debug|Any CPU.ActiveCfg = Debug|Any CPU
		{6E5B6B5F-2E87-4F9C-A003-1521D2FEF132}.Debug|Any CPU.Build.0 = Debug|Any CPU
		{6E5B6B5F-2E87-4F9C-A003-1521D2FEF132}.Release|Any CPU.ActiveCfg = Release|Any CPU
		{6E5B6B5F-2E87-4F9C-A003-1521D2FEF132}.Release|Any CPU.Build.0 = Release|Any CPU
		{5A1CF3F0-0648-45DA-9F24-4428947DF744}.Debug|Any CPU.ActiveCfg = Debug|Any CPU
		{5A1CF3F0-0648-45DA-9F24-4428947DF744}.Debug|Any CPU.Build.0 = Debug|Any CPU
		{5A1CF3F0-0648-45DA-9F24-4428947DF744}.Release|Any CPU.ActiveCfg = Release|Any CPU
		{5A1CF3F0-0648-45DA-9F24-4428947DF744}.Release|Any CPU.Build.0 = Release|Any CPU
		{A3D8A260-EDF4-46EF-9D0F-2C042A79A647}.Debug|Any CPU.ActiveCfg = Debug|Any CPU
		{A3D8A260-EDF4-46EF-9D0F-2C042A79A647}.Debug|Any CPU.Build.0 = Debug|Any CPU
		{A3D8A260-EDF4-46EF-9D0F-2C042A79A647}.Release|Any CPU.ActiveCfg = Release|Any CPU
		{A3D8A260-EDF4-46EF-9D0F-2C042A79A647}.Release|Any CPU.Build.0 = Release|Any CPU
		{79B629A0-FB6C-4844-9BD6-181D1880C644}.Debug|Any CPU.ActiveCfg = Debug|Any CPU
		{79B629A0-FB6C-4844-9BD6-181D1880C644}.Debug|Any CPU.Build.0 = Debug|Any CPU
		{79B629A0-FB6C-4844-9BD6-181D1880C644}.Release|Any CPU.ActiveCfg = Release|Any CPU
		{79B629A0-FB6C-4844-9BD6-181D1880C644}.Release|Any CPU.Build.0 = Release|Any CPU
		{6C0BF071-9579-45B9-A1F7-3B0CD3C1DE82}.Debug|Any CPU.ActiveCfg = Debug|Any CPU
		{6C0BF071-9579-45B9-A1F7-3B0CD3C1DE82}.Debug|Any CPU.Build.0 = Debug|Any CPU
		{6C0BF071-9579-45B9-A1F7-3B0CD3C1DE82}.Release|Any CPU.ActiveCfg = Release|Any CPU
		{6C0BF071-9579-45B9-A1F7-3B0CD3C1DE82}.Release|Any CPU.Build.0 = Release|Any CPU
		{C09937B9-6480-4DF1-A6BF-73ABCC6778C3}.Debug|Any CPU.ActiveCfg = Debug|Any CPU
		{C09937B9-6480-4DF1-A6BF-73ABCC6778C3}.Debug|Any CPU.Build.0 = Debug|Any CPU
		{C09937B9-6480-4DF1-A6BF-73ABCC6778C3}.Release|Any CPU.ActiveCfg = Release|Any CPU
		{C09937B9-6480-4DF1-A6BF-73ABCC6778C3}.Release|Any CPU.Build.0 = Release|Any CPU
		{585F7916-B25D-449A-AFF5-491644C26DCD}.Debug|Any CPU.ActiveCfg = Debug|Any CPU
		{585F7916-B25D-449A-AFF5-491644C26DCD}.Debug|Any CPU.Build.0 = Debug|Any CPU
		{585F7916-B25D-449A-AFF5-491644C26DCD}.Release|Any CPU.ActiveCfg = Release|Any CPU
		{585F7916-B25D-449A-AFF5-491644C26DCD}.Release|Any CPU.Build.0 = Release|Any CPU
		{09457648-047D-438A-807F-F930BC2FC08A}.Debug|Any CPU.ActiveCfg = Debug|Any CPU
		{09457648-047D-438A-807F-F930BC2FC08A}.Debug|Any CPU.Build.0 = Debug|Any CPU
		{09457648-047D-438A-807F-F930BC2FC08A}.Release|Any CPU.ActiveCfg = Release|Any CPU
		{09457648-047D-438A-807F-F930BC2FC08A}.Release|Any CPU.Build.0 = Release|Any CPU
		{7A73B0F0-7275-4A9A-A146-28D685EA76C3}.Debug|Any CPU.ActiveCfg = Debug|Any CPU
		{7A73B0F0-7275-4A9A-A146-28D685EA76C3}.Debug|Any CPU.Build.0 = Debug|Any CPU
		{7A73B0F0-7275-4A9A-A146-28D685EA76C3}.Release|Any CPU.ActiveCfg = Release|Any CPU
		{7A73B0F0-7275-4A9A-A146-28D685EA76C3}.Release|Any CPU.Build.0 = Release|Any CPU
		{6400235B-669E-4EF8-B465-FB9484062F26}.Debug|Any CPU.ActiveCfg = Debug|Any CPU
		{6400235B-669E-4EF8-B465-FB9484062F26}.Debug|Any CPU.Build.0 = Debug|Any CPU
		{6400235B-669E-4EF8-B465-FB9484062F26}.Release|Any CPU.ActiveCfg = Release|Any CPU
		{6400235B-669E-4EF8-B465-FB9484062F26}.Release|Any CPU.Build.0 = Release|Any CPU
		{A1F52DA0-A389-4BED-BF46-0620F35B694B}.Debug|Any CPU.ActiveCfg = Debug|Any CPU
		{A1F52DA0-A389-4BED-BF46-0620F35B694B}.Debug|Any CPU.Build.0 = Debug|Any CPU
		{A1F52DA0-A389-4BED-BF46-0620F35B694B}.Release|Any CPU.ActiveCfg = Release|Any CPU
		{A1F52DA0-A389-4BED-BF46-0620F35B694B}.Release|Any CPU.Build.0 = Release|Any CPU
		{1D16E8BB-28FC-4D35-93EE-148B19275340}.Debug|Any CPU.ActiveCfg = Debug|Any CPU
		{1D16E8BB-28FC-4D35-93EE-148B19275340}.Debug|Any CPU.Build.0 = Debug|Any CPU
		{1D16E8BB-28FC-4D35-93EE-148B19275340}.Release|Any CPU.ActiveCfg = Release|Any CPU
		{1D16E8BB-28FC-4D35-93EE-148B19275340}.Release|Any CPU.Build.0 = Release|Any CPU
		{C9A30463-6D60-4051-B2D2-B9C5CAC355DB}.Debug|Any CPU.ActiveCfg = Debug|Any CPU
		{C9A30463-6D60-4051-B2D2-B9C5CAC355DB}.Debug|Any CPU.Build.0 = Debug|Any CPU
		{C9A30463-6D60-4051-B2D2-B9C5CAC355DB}.Release|Any CPU.ActiveCfg = Release|Any CPU
		{C9A30463-6D60-4051-B2D2-B9C5CAC355DB}.Release|Any CPU.Build.0 = Release|Any CPU
	EndGlobalSection
	GlobalSection(SolutionProperties) = preSolution
		HideSolutionNode = FALSE
	EndGlobalSection
	GlobalSection(NestedProjects) = preSolution
		{FFD5ED95-CC24-40FC-94A7-AC07421601B0} = {F533E8DC-84FA-4A0D-85B8-E151900990A1}
		{CA7470BF-E89B-432B-BB3A-0E3649F30DFF} = {F533E8DC-84FA-4A0D-85B8-E151900990A1}
		{7D099042-8AE4-4644-9660-E74B527FED34} = {F533E8DC-84FA-4A0D-85B8-E151900990A1}
		{A7BBAAC6-E98F-4969-B0D8-2556DDA79F81} = {F533E8DC-84FA-4A0D-85B8-E151900990A1}
		{03A8F3B4-530B-434B-95C0-F99BCC234C8F} = {F533E8DC-84FA-4A0D-85B8-E151900990A1}
		{8BD4207A-015C-4DB8-9056-F1493DC4623E} = {F533E8DC-84FA-4A0D-85B8-E151900990A1}
		{69ECF2DB-C26F-433A-AD5A-5DE2AA9E8C7C} = {F533E8DC-84FA-4A0D-85B8-E151900990A1}
		{A5A83230-1CBA-4FBE-A545-6843DE29C9DA} = {F533E8DC-84FA-4A0D-85B8-E151900990A1}
		{2F66CA56-B8F6-4489-A727-3952B54BABCD} = {F533E8DC-84FA-4A0D-85B8-E151900990A1}
		{20F3E4F4-DEF1-47E4-985F-15FC60B2FE96} = {F533E8DC-84FA-4A0D-85B8-E151900990A1}
		{3E71D468-3CE2-4E2C-A6F8-8C68CC49C9FD} = {F533E8DC-84FA-4A0D-85B8-E151900990A1}
		{98292E1D-E6E1-480D-9EC7-102103C456C9} = {F533E8DC-84FA-4A0D-85B8-E151900990A1}
		{0107E5C0-B9BD-4E9A-ABDD-D22135BC807B} = {F533E8DC-84FA-4A0D-85B8-E151900990A1}
		{E9682915-A592-4309-AB60-C5252DA8BEEF} = {F533E8DC-84FA-4A0D-85B8-E151900990A1}
		{F89BDBC4-1A61-4111-A699-2B0358EB223F} = {F533E8DC-84FA-4A0D-85B8-E151900990A1}
		{D7AB36CF-1BE1-4C3D-B240-7411C2B25D0E} = {F533E8DC-84FA-4A0D-85B8-E151900990A1}
		{EE92B47E-E5CF-41CA-BE74-AB82D3D16B22} = {F533E8DC-84FA-4A0D-85B8-E151900990A1}
		{840D945F-5DAC-472D-A3AE-3ADDBD9F2C4F} = {F533E8DC-84FA-4A0D-85B8-E151900990A1}
		{AF3FD08F-C26A-44A5-AB5A-44F6559967D4} = {F533E8DC-84FA-4A0D-85B8-E151900990A1}
		{7DCB94C5-E94F-43F5-811A-C102269DD010} = {F533E8DC-84FA-4A0D-85B8-E151900990A1}
		{ED1E28D2-5047-4DCB-8965-AA3552486271} = {F533E8DC-84FA-4A0D-85B8-E151900990A1}
		{F259E9C8-E00B-47CB-A3B8-2B98AC4F92A1} = {F533E8DC-84FA-4A0D-85B8-E151900990A1}
		{E6E52F7B-6B0F-47C2-B7A6-8957EAFCFA8F} = {F533E8DC-84FA-4A0D-85B8-E151900990A1}
		{3C34866F-7ED9-4EDA-9D34-CEE0845F7D17} = {F533E8DC-84FA-4A0D-85B8-E151900990A1}
		{63E89A65-92DE-44D5-B258-022DDA3D1B23} = {F533E8DC-84FA-4A0D-85B8-E151900990A1}
		{89283EE9-FF83-4084-BD19-867C57FA916D} = {F533E8DC-84FA-4A0D-85B8-E151900990A1}
		{C2D58E02-2465-4ABD-84B1-20AF3716EC5F} = {F533E8DC-84FA-4A0D-85B8-E151900990A1}
		{48887014-8231-443D-A825-0E4AD900A8AD} = {F533E8DC-84FA-4A0D-85B8-E151900990A1}
		{0CFACBE9-71AD-4676-977D-CD8908A0607D} = {F533E8DC-84FA-4A0D-85B8-E151900990A1}
		{CCC41F59-FC68-446E-A6CA-41DCA27BC6E0} = {F533E8DC-84FA-4A0D-85B8-E151900990A1}
		{4EAD0EBF-3CBC-4EF4-92CB-41A107DF4129} = {F533E8DC-84FA-4A0D-85B8-E151900990A1}
		{2A0CE79A-1100-4C71-B188-9915A8E6C19D} = {F533E8DC-84FA-4A0D-85B8-E151900990A1}
		{066D1A5F-4ED0-462B-84A8-218EC4EFB21F} = {F533E8DC-84FA-4A0D-85B8-E151900990A1}
		{00FF52FA-6069-45C5-8B59-FC12A59CEBC1} = {F533E8DC-84FA-4A0D-85B8-E151900990A1}
		{4B2769E7-97F4-4A67-997B-6618FFD92EA4} = {F533E8DC-84FA-4A0D-85B8-E151900990A1}
		{93089D71-0B79-455D-AE23-6D5C59E435B9} = {F533E8DC-84FA-4A0D-85B8-E151900990A1}
		{23ABE09E-CAF9-4C2E-9511-AC57B35348B2} = {F533E8DC-84FA-4A0D-85B8-E151900990A1}
		{3DF64193-5C0D-4178-8B8F-AE641EDB34DD} = {F533E8DC-84FA-4A0D-85B8-E151900990A1}
		{5D3FE5FA-2998-417D-8D50-A7D1B8174515} = {F533E8DC-84FA-4A0D-85B8-E151900990A1}
		{8662DACB-A845-4EDF-A719-C8C691D90EEB} = {F533E8DC-84FA-4A0D-85B8-E151900990A1}
		{898EECB3-E678-45DC-91FB-22CD6FFE5231} = {F533E8DC-84FA-4A0D-85B8-E151900990A1}
		{DA533DAD-0043-408F-82F2-E1C93760B459} = {F533E8DC-84FA-4A0D-85B8-E151900990A1}
		{D4FB53B3-9234-425C-B92C-AA11138D82A7} = {F533E8DC-84FA-4A0D-85B8-E151900990A1}
		{CBEC2B2B-F870-4BBA-BB4B-C153ABF2ECC4} = {F533E8DC-84FA-4A0D-85B8-E151900990A1}
		{3869A52F-9AC4-447A-8757-7C243E6F4E95} = {F533E8DC-84FA-4A0D-85B8-E151900990A1}
		{CA6887AF-07E7-46BE-9510-2498072A6032} = {F533E8DC-84FA-4A0D-85B8-E151900990A1}
		{7CF1B3F7-07B1-43CB-ABB9-4E95D1988BB5} = {F533E8DC-84FA-4A0D-85B8-E151900990A1}
		{0A546014-9314-4C6C-8E88-C511E5558F4B} = {F533E8DC-84FA-4A0D-85B8-E151900990A1}
		{6E5B6B5F-2E87-4F9C-A003-1521D2FEF132} = {F533E8DC-84FA-4A0D-85B8-E151900990A1}
		{5A1CF3F0-0648-45DA-9F24-4428947DF744} = {F533E8DC-84FA-4A0D-85B8-E151900990A1}
		{A3D8A260-EDF4-46EF-9D0F-2C042A79A647} = {F533E8DC-84FA-4A0D-85B8-E151900990A1}
		{79B629A0-FB6C-4844-9BD6-181D1880C644} = {F533E8DC-84FA-4A0D-85B8-E151900990A1}
		{6C0BF071-9579-45B9-A1F7-3B0CD3C1DE82} = {F533E8DC-84FA-4A0D-85B8-E151900990A1}
		{C09937B9-6480-4DF1-A6BF-73ABCC6778C3} = {F533E8DC-84FA-4A0D-85B8-E151900990A1}
		{585F7916-B25D-449A-AFF5-491644C26DCD} = {F533E8DC-84FA-4A0D-85B8-E151900990A1}
		{09457648-047D-438A-807F-F930BC2FC08A} = {F533E8DC-84FA-4A0D-85B8-E151900990A1}
		{7A73B0F0-7275-4A9A-A146-28D685EA76C3} = {F533E8DC-84FA-4A0D-85B8-E151900990A1}
		{6400235B-669E-4EF8-B465-FB9484062F26} = {F533E8DC-84FA-4A0D-85B8-E151900990A1}
		{A1F52DA0-A389-4BED-BF46-0620F35B694B} = {F533E8DC-84FA-4A0D-85B8-E151900990A1}
		{1D16E8BB-28FC-4D35-93EE-148B19275340} = {F533E8DC-84FA-4A0D-85B8-E151900990A1}
		{C9A30463-6D60-4051-B2D2-B9C5CAC355DB} = {F533E8DC-84FA-4A0D-85B8-E151900990A1}
	EndGlobalSection
	GlobalSection(ExtensibilityGlobals) = postSolution
		SolutionGuid = {267FD997-87E5-47D0-98E6-8FA89C3C8C4F}
	EndGlobalSection
EndGlobal
