
Microsoft Visual Studio Solution File, Format Version 12.00
# Visual Studio Version 17
VisualStudioVersion = 17.2.32630.192
MinimumVisualStudioVersion = 10.0.40219.1
Project("{9A19103F-16F7-4668-BE54-9A1E7A4F7556}") = "R5T.F0058", "R5T.F0058\R5T.F0058.csproj", "{2F18591D-C768-4C4A-B9CA-03767D4D9FE9}"
EndProject
Project("{2150E333-8FDC-42A3-9474-1A3956D46DE8}") = "_Dependencies", "_Dependencies", "{696B6A86-AAD7-452E-8E0E-80F7BD06B041}"
EndProject
Project("{9A19103F-16F7-4668-BE54-9A1E7A4F7556}") = "R5T.T0132", "..\..\R5T.T0132\source\R5T.T0132\R5T.T0132.csproj", "{BEC3105F-4A55-49E1-BED2-F5246064E1FE}"
EndProject
Project("{9A19103F-16F7-4668-BE54-9A1E7A4F7556}") = "R5T.F0045", "..\..\R5T.F0045\source\R5T.F0045\R5T.F0045.csproj", "{2CF75E56-48A3-4656-9481-590A832900FE}"
EndProject
Project("{9A19103F-16F7-4668-BE54-9A1E7A4F7556}") = "R5T.F0042", "..\..\R5T.F0042\source\R5T.F0042\R5T.F0042.csproj", "{EB9B5264-864C-4C37-BCA6-DAD4E31BF314}"
EndProject
Project("{9A19103F-16F7-4668-BE54-9A1E7A4F7556}") = "R5T.F0041", "..\..\R5T.F0041\source\R5T.F0041\R5T.F0041.csproj", "{2394E98B-83CD-450D-BB31-212B12C2377F}"
EndProject
Project("{9A19103F-16F7-4668-BE54-9A1E7A4F7556}") = "R5T.F0002", "..\..\R5T.F0002\source\R5T.F0002\R5T.F0002.csproj", "{8D905F0F-C555-4980-BDD5-6E38E7D3F0E1}"
EndProject
Project("{9A19103F-16F7-4668-BE54-9A1E7A4F7556}") = "R5T.F0000", "..\..\R5T.F0000\source\R5T.F0000\R5T.F0000.csproj", "{0934579D-0542-42C6-998D-3BE6C712F2EB}"
EndProject
Project("{9A19103F-16F7-4668-BE54-9A1E7A4F7556}") = "R5T.T0143", "..\..\R5T.T0143\source\R5T.T0143\R5T.T0143.csproj", "{1591C62F-B4C4-4FC9-9B71-704C712CE5F9}"
EndProject
Project("{9A19103F-16F7-4668-BE54-9A1E7A4F7556}") = "R5T.T0142", "..\..\R5T.T0142\source\R5T.T0142\R5T.T0142.csproj", "{946BC8C4-7CE0-4114-9C30-3EA78477965F}"
EndProject
Project("{9A19103F-16F7-4668-BE54-9A1E7A4F7556}") = "R5T.Z0000", "..\..\R5T.Z0000\source\R5T.Z0000\R5T.Z0000.csproj", "{E681DB6A-746E-45D6-A929-C86843B317F4}"
EndProject
Project("{9A19103F-16F7-4668-BE54-9A1E7A4F7556}") = "R5T.T0131", "..\..\R5T.T0131\source\R5T.T0131\R5T.T0131.csproj", "{6F676B1F-462A-4B31-A553-838A4B55D912}"
EndProject
Project("{9A19103F-16F7-4668-BE54-9A1E7A4F7556}") = "R5T.Y0000", "..\..\R5T.Y0000\source\R5T.Y0000\R5T.Y0000.csproj", "{612FC001-5744-48CF-B656-78CE1E1A9584}"
EndProject
Project("{9A19103F-16F7-4668-BE54-9A1E7A4F7556}") = "R5T.F0019", "..\..\R5T.F0019\source\R5T.F0019\R5T.F0019.csproj", "{302FFB35-38CD-4C82-8D15-4A7253ECB045}"
EndProject
Project("{9A19103F-16F7-4668-BE54-9A1E7A4F7556}") = "R5T.L0001.Y000", "..\..\R5T.L0001\source\R5T.L0001.Y000\R5T.L0001.Y000.csproj", "{8669901B-ADAD-4246-A0F7-B4D1135BDF93}"
EndProject
Project("{9A19103F-16F7-4668-BE54-9A1E7A4F7556}") = "R5T.L0001.Z000", "..\..\R5T.L0001\source\R5T.L0001.Z000\R5T.L0001.Z000.csproj", "{3C41F237-C587-4F69-98E0-5E8EBADC25ED}"
EndProject
Project("{9A19103F-16F7-4668-BE54-9A1E7A4F7556}") = "R5T.L0001", "..\..\R5T.L0001\source\R5T.L0001\R5T.L0001.csproj", "{E93308AF-1F20-4FF6-9E42-89114816A04F}"
EndProject
Project("{9A19103F-16F7-4668-BE54-9A1E7A4F7556}") = "R5T.T0046", "..\..\R5T.T0046\source\R5T.T0046\R5T.T0046.csproj", "{284D43BE-C08D-4F81-A696-FDF7351B7472}"
EndProject
Project("{9A19103F-16F7-4668-BE54-9A1E7A4F7556}") = "R5T.T0144", "..\..\R5T.T0144\source\R5T.T0144\R5T.T0144.csproj", "{00FC509C-10A0-4AE4-A6F6-85CDF3BF3E65}"
EndProject
Project("{9A19103F-16F7-4668-BE54-9A1E7A4F7556}") = "R5T.Y0004", "..\..\R5T.Y0004\source\R5T.Y0004\R5T.Y0004.csproj", "{BB59B522-9EC4-458D-8308-5B837D2C5218}"
EndProject
Project("{9A19103F-16F7-4668-BE54-9A1E7A4F7556}") = "R5T.Z0005", "..\..\R5T.Z0005\source\R5T.Z0005\R5T.Z0005.csproj", "{A12C25C7-D38F-4910-B9BD-D0B9DC19316E}"
EndProject
Project("{9A19103F-16F7-4668-BE54-9A1E7A4F7556}") = "R5T.F0032", "..\..\R5T.F0032\source\R5T.F0032\R5T.F0032.csproj", "{A476A574-962C-4D92-99F1-D66FA6D5952C}"
EndProject
Project("{9A19103F-16F7-4668-BE54-9A1E7A4F7556}") = "R5T.L0019", "..\..\R5T.L0019\source\R5T.L0019\R5T.L0019.csproj", "{4AEC9671-8ABA-4097-AF5E-F79F7D61B55F}"
EndProject
Project("{9A19103F-16F7-4668-BE54-9A1E7A4F7556}") = "R5T.F0046", "..\..\R5T.F0046\source\R5T.F0046\R5T.F0046.csproj", "{CE2DAFC4-F3F9-4CA2-8413-EBB59A34936A}"
EndProject
Project("{9A19103F-16F7-4668-BE54-9A1E7A4F7556}") = "R5T.F0047", "..\..\R5T.F0047\source\R5T.F0047\R5T.F0047.csproj", "{CE9144D5-7610-472E-A8BF-48324CD7155E}"
EndProject
Project("{9A19103F-16F7-4668-BE54-9A1E7A4F7556}") = "R5T.Z0013", "..\..\R5T.Z0013\source\R5T.Z0013\R5T.Z0013.csproj", "{617C04C8-12D1-4EFB-BF66-DC65FD20186C}"
EndProject
Project("{9A19103F-16F7-4668-BE54-9A1E7A4F7556}") = "R5T.F0057", "..\..\R5T.F0057\source\R5T.F0057\R5T.F0057.csproj", "{74CEB8D8-B03F-4A05-AF13-D6D7CC18AB55}"
EndProject
Project("{9A19103F-16F7-4668-BE54-9A1E7A4F7556}") = "R5T.NG0003", "..\..\R5T.NG0003\source\R5T.NG0003\R5T.NG0003.csproj", "{6A1BA777-45D8-4E67-B5E4-36848853E124}"
EndProject
Project("{9A19103F-16F7-4668-BE54-9A1E7A4F7556}") = "R5T.NG0005", "..\..\R5T.NG0005\source\R5T.NG0005\R5T.NG0005.csproj", "{C20F7060-FEE0-4069-91E0-793AD87F526D}"
EndProject
Project("{9A19103F-16F7-4668-BE54-9A1E7A4F7556}") = "R5T.F0043", "..\..\R5T.F0043\source\R5T.F0043\R5T.F0043.csproj", "{62868C67-DCD0-4448-AC93-55C4015AB811}"
EndProject
Project("{9A19103F-16F7-4668-BE54-9A1E7A4F7556}") = "R5T.F0044", "..\..\R5T.F0044\source\R5T.F0044\R5T.F0044.csproj", "{B8508BA2-B564-4E2A-8A47-A82E4B04169C}"
EndProject
Project("{9A19103F-16F7-4668-BE54-9A1E7A4F7556}") = "R5T.NG0006", "..\..\R5T.NG0006\source\R5T.NG0006\R5T.NG0006.csproj", "{A1D193F5-876A-4A91-B5BD-2113A2962F82}"
EndProject
Project("{9A19103F-16F7-4668-BE54-9A1E7A4F7556}") = "R5T.F0048", "..\..\R5T.F0048\source\R5T.F0048\R5T.F0048.csproj", "{AAF4D2E2-EBA6-4459-98B4-19B1AC19A682}"
EndProject
Project("{9A19103F-16F7-4668-BE54-9A1E7A4F7556}") = "R5T.F0049", "..\..\R5T.F0049\source\R5T.F0049\R5T.F0049.csproj", "{63D4F358-BD95-42CE-A229-7D0EA605ED5D}"
EndProject
Project("{9A19103F-16F7-4668-BE54-9A1E7A4F7556}") = "R5T.F0024", "..\..\R5T.F0024\source\R5T.F0024\R5T.F0024.csproj", "{F822E35C-8854-42AA-BB6F-8AC276080DBB}"
EndProject
Project("{9A19103F-16F7-4668-BE54-9A1E7A4F7556}") = "R5T.Z0009", "..\..\R5T.Z0009\source\R5T.Z0009\R5T.Z0009.csproj", "{87741E3B-0C6D-41F0-B018-D1C6A9185103}"
EndProject
Project("{9A19103F-16F7-4668-BE54-9A1E7A4F7556}") = "R5T.F0024.T001", "..\..\R5T.F0024\source\R5T.F0024.T001\R5T.F0024.T001.csproj", "{73EAB9E5-3325-43DC-82DC-0FA79E36AED2}"
EndProject
Project("{9A19103F-16F7-4668-BE54-9A1E7A4F7556}") = "R5T.F0050", "..\..\R5T.F0050\source\R5T.F0050\R5T.F0050.csproj", "{39604531-C8E9-484F-B5F5-7E1F841F8FB0}"
EndProject
Project("{9A19103F-16F7-4668-BE54-9A1E7A4F7556}") = "R5T.F0051", "..\..\R5T.F0051\source\R5T.F0051\R5T.F0051.csproj", "{DB397E13-A0A3-429E-88AD-6306BC56643F}"
EndProject
Project("{9A19103F-16F7-4668-BE54-9A1E7A4F7556}") = "R5T.F0020", "..\..\R5T.F0020\source\R5T.F0020\R5T.F0020.csproj", "{F5858434-C975-4737-A691-A0E8C01698A9}"
EndProject
Project("{9A19103F-16F7-4668-BE54-9A1E7A4F7556}") = "R5T.F0040.F000", "..\..\R5T.F0040\source\R5T.F0040.F000\R5T.F0040.F000.csproj", "{DFC89CC2-758B-4FD7-8501-BED917FB5605}"
EndProject
Project("{9A19103F-16F7-4668-BE54-9A1E7A4F7556}") = "R5T.F0052", "..\..\R5T.F0052\source\R5T.F0052\R5T.F0052.csproj", "{F834BF7F-4813-40A0-830B-64B55E05F61D}"
EndProject
Project("{9A19103F-16F7-4668-BE54-9A1E7A4F7556}") = "R5T.F0053", "..\..\R5T.F0053\source\R5T.F0053\R5T.F0053.csproj", "{518D285C-5B0A-4F4C-8153-1699E8EA2DE7}"
EndProject
Project("{9A19103F-16F7-4668-BE54-9A1E7A4F7556}") = "R5T.F0054", "..\..\R5T.F0054\source\R5T.F0054\R5T.F0054.csproj", "{FECB83F8-FFC9-4C36-89FB-1EC5B46FD60C}"
EndProject
Project("{9A19103F-16F7-4668-BE54-9A1E7A4F7556}") = "R5T.F0055", "..\..\R5T.F0055\source\R5T.F0055\R5T.F0055.csproj", "{C0427A1F-8D19-4DFC-AAE6-029F123B6C93}"
EndProject
Project("{9A19103F-16F7-4668-BE54-9A1E7A4F7556}") = "R5T.F0056", "..\..\R5T.F0056\source\R5T.F0056\R5T.F0056.csproj", "{3A13D9DC-64CB-4B97-A2FA-BEBC49A21754}"
EndProject
Project("{9A19103F-16F7-4668-BE54-9A1E7A4F7556}") = "R5T.T0146", "..\..\R5T.T0146\source\R5T.T0146\R5T.T0146.csproj", "{66D0F58B-7452-4274-A554-C1048D649894}"
EndProject
Project("{9A19103F-16F7-4668-BE54-9A1E7A4F7556}") = "R5T.F0059", "..\..\R5T.F0059\source\R5T.F0059\R5T.F0059.csproj", "{A36EDF53-03EE-4205-BF5E-59E13D5A023F}"
EndProject
Project("{9A19103F-16F7-4668-BE54-9A1E7A4F7556}") = "R5T.F0060", "..\..\R5T.F0060\source\R5T.F0060\R5T.F0060.csproj", "{4CD450A8-E929-41E9-859F-1B3F63690E43}"
EndProject
Global
	GlobalSection(SolutionConfigurationPlatforms) = preSolution
		Debug|Any CPU = Debug|Any CPU
		Release|Any CPU = Release|Any CPU
	EndGlobalSection
	GlobalSection(ProjectConfigurationPlatforms) = postSolution
		{2F18591D-C768-4C4A-B9CA-03767D4D9FE9}.Debug|Any CPU.ActiveCfg = Debug|Any CPU
		{2F18591D-C768-4C4A-B9CA-03767D4D9FE9}.Debug|Any CPU.Build.0 = Debug|Any CPU
		{2F18591D-C768-4C4A-B9CA-03767D4D9FE9}.Release|Any CPU.ActiveCfg = Release|Any CPU
		{2F18591D-C768-4C4A-B9CA-03767D4D9FE9}.Release|Any CPU.Build.0 = Release|Any CPU
		{BEC3105F-4A55-49E1-BED2-F5246064E1FE}.Debug|Any CPU.ActiveCfg = Debug|Any CPU
		{BEC3105F-4A55-49E1-BED2-F5246064E1FE}.Debug|Any CPU.Build.0 = Debug|Any CPU
		{BEC3105F-4A55-49E1-BED2-F5246064E1FE}.Release|Any CPU.ActiveCfg = Release|Any CPU
		{BEC3105F-4A55-49E1-BED2-F5246064E1FE}.Release|Any CPU.Build.0 = Release|Any CPU
		{2CF75E56-48A3-4656-9481-590A832900FE}.Debug|Any CPU.ActiveCfg = Debug|Any CPU
		{2CF75E56-48A3-4656-9481-590A832900FE}.Debug|Any CPU.Build.0 = Debug|Any CPU
		{2CF75E56-48A3-4656-9481-590A832900FE}.Release|Any CPU.ActiveCfg = Release|Any CPU
		{2CF75E56-48A3-4656-9481-590A832900FE}.Release|Any CPU.Build.0 = Release|Any CPU
		{EB9B5264-864C-4C37-BCA6-DAD4E31BF314}.Debug|Any CPU.ActiveCfg = Debug|Any CPU
		{EB9B5264-864C-4C37-BCA6-DAD4E31BF314}.Debug|Any CPU.Build.0 = Debug|Any CPU
		{EB9B5264-864C-4C37-BCA6-DAD4E31BF314}.Release|Any CPU.ActiveCfg = Release|Any CPU
		{EB9B5264-864C-4C37-BCA6-DAD4E31BF314}.Release|Any CPU.Build.0 = Release|Any CPU
		{2394E98B-83CD-450D-BB31-212B12C2377F}.Debug|Any CPU.ActiveCfg = Debug|Any CPU
		{2394E98B-83CD-450D-BB31-212B12C2377F}.Debug|Any CPU.Build.0 = Debug|Any CPU
		{2394E98B-83CD-450D-BB31-212B12C2377F}.Release|Any CPU.ActiveCfg = Release|Any CPU
		{2394E98B-83CD-450D-BB31-212B12C2377F}.Release|Any CPU.Build.0 = Release|Any CPU
		{8D905F0F-C555-4980-BDD5-6E38E7D3F0E1}.Debug|Any CPU.ActiveCfg = Debug|Any CPU
		{8D905F0F-C555-4980-BDD5-6E38E7D3F0E1}.Debug|Any CPU.Build.0 = Debug|Any CPU
		{8D905F0F-C555-4980-BDD5-6E38E7D3F0E1}.Release|Any CPU.ActiveCfg = Release|Any CPU
		{8D905F0F-C555-4980-BDD5-6E38E7D3F0E1}.Release|Any CPU.Build.0 = Release|Any CPU
		{0934579D-0542-42C6-998D-3BE6C712F2EB}.Debug|Any CPU.ActiveCfg = Debug|Any CPU
		{0934579D-0542-42C6-998D-3BE6C712F2EB}.Debug|Any CPU.Build.0 = Debug|Any CPU
		{0934579D-0542-42C6-998D-3BE6C712F2EB}.Release|Any CPU.ActiveCfg = Release|Any CPU
		{0934579D-0542-42C6-998D-3BE6C712F2EB}.Release|Any CPU.Build.0 = Release|Any CPU
		{1591C62F-B4C4-4FC9-9B71-704C712CE5F9}.Debug|Any CPU.ActiveCfg = Debug|Any CPU
		{1591C62F-B4C4-4FC9-9B71-704C712CE5F9}.Debug|Any CPU.Build.0 = Debug|Any CPU
		{1591C62F-B4C4-4FC9-9B71-704C712CE5F9}.Release|Any CPU.ActiveCfg = Release|Any CPU
		{1591C62F-B4C4-4FC9-9B71-704C712CE5F9}.Release|Any CPU.Build.0 = Release|Any CPU
		{946BC8C4-7CE0-4114-9C30-3EA78477965F}.Debug|Any CPU.ActiveCfg = Debug|Any CPU
		{946BC8C4-7CE0-4114-9C30-3EA78477965F}.Debug|Any CPU.Build.0 = Debug|Any CPU
		{946BC8C4-7CE0-4114-9C30-3EA78477965F}.Release|Any CPU.ActiveCfg = Release|Any CPU
		{946BC8C4-7CE0-4114-9C30-3EA78477965F}.Release|Any CPU.Build.0 = Release|Any CPU
		{E681DB6A-746E-45D6-A929-C86843B317F4}.Debug|Any CPU.ActiveCfg = Debug|Any CPU
		{E681DB6A-746E-45D6-A929-C86843B317F4}.Debug|Any CPU.Build.0 = Debug|Any CPU
		{E681DB6A-746E-45D6-A929-C86843B317F4}.Release|Any CPU.ActiveCfg = Release|Any CPU
		{E681DB6A-746E-45D6-A929-C86843B317F4}.Release|Any CPU.Build.0 = Release|Any CPU
		{6F676B1F-462A-4B31-A553-838A4B55D912}.Debug|Any CPU.ActiveCfg = Debug|Any CPU
		{6F676B1F-462A-4B31-A553-838A4B55D912}.Debug|Any CPU.Build.0 = Debug|Any CPU
		{6F676B1F-462A-4B31-A553-838A4B55D912}.Release|Any CPU.ActiveCfg = Release|Any CPU
		{6F676B1F-462A-4B31-A553-838A4B55D912}.Release|Any CPU.Build.0 = Release|Any CPU
		{612FC001-5744-48CF-B656-78CE1E1A9584}.Debug|Any CPU.ActiveCfg = Debug|Any CPU
		{612FC001-5744-48CF-B656-78CE1E1A9584}.Debug|Any CPU.Build.0 = Debug|Any CPU
		{612FC001-5744-48CF-B656-78CE1E1A9584}.Release|Any CPU.ActiveCfg = Release|Any CPU
		{612FC001-5744-48CF-B656-78CE1E1A9584}.Release|Any CPU.Build.0 = Release|Any CPU
		{302FFB35-38CD-4C82-8D15-4A7253ECB045}.Debug|Any CPU.ActiveCfg = Debug|Any CPU
		{302FFB35-38CD-4C82-8D15-4A7253ECB045}.Debug|Any CPU.Build.0 = Debug|Any CPU
		{302FFB35-38CD-4C82-8D15-4A7253ECB045}.Release|Any CPU.ActiveCfg = Release|Any CPU
		{302FFB35-38CD-4C82-8D15-4A7253ECB045}.Release|Any CPU.Build.0 = Release|Any CPU
		{8669901B-ADAD-4246-A0F7-B4D1135BDF93}.Debug|Any CPU.ActiveCfg = Debug|Any CPU
		{8669901B-ADAD-4246-A0F7-B4D1135BDF93}.Debug|Any CPU.Build.0 = Debug|Any CPU
		{8669901B-ADAD-4246-A0F7-B4D1135BDF93}.Release|Any CPU.ActiveCfg = Release|Any CPU
		{8669901B-ADAD-4246-A0F7-B4D1135BDF93}.Release|Any CPU.Build.0 = Release|Any CPU
		{3C41F237-C587-4F69-98E0-5E8EBADC25ED}.Debug|Any CPU.ActiveCfg = Debug|Any CPU
		{3C41F237-C587-4F69-98E0-5E8EBADC25ED}.Debug|Any CPU.Build.0 = Debug|Any CPU
		{3C41F237-C587-4F69-98E0-5E8EBADC25ED}.Release|Any CPU.ActiveCfg = Release|Any CPU
		{3C41F237-C587-4F69-98E0-5E8EBADC25ED}.Release|Any CPU.Build.0 = Release|Any CPU
		{E93308AF-1F20-4FF6-9E42-89114816A04F}.Debug|Any CPU.ActiveCfg = Debug|Any CPU
		{E93308AF-1F20-4FF6-9E42-89114816A04F}.Debug|Any CPU.Build.0 = Debug|Any CPU
		{E93308AF-1F20-4FF6-9E42-89114816A04F}.Release|Any CPU.ActiveCfg = Release|Any CPU
		{E93308AF-1F20-4FF6-9E42-89114816A04F}.Release|Any CPU.Build.0 = Release|Any CPU
		{284D43BE-C08D-4F81-A696-FDF7351B7472}.Debug|Any CPU.ActiveCfg = Debug|Any CPU
		{284D43BE-C08D-4F81-A696-FDF7351B7472}.Debug|Any CPU.Build.0 = Debug|Any CPU
		{284D43BE-C08D-4F81-A696-FDF7351B7472}.Release|Any CPU.ActiveCfg = Release|Any CPU
		{284D43BE-C08D-4F81-A696-FDF7351B7472}.Release|Any CPU.Build.0 = Release|Any CPU
		{00FC509C-10A0-4AE4-A6F6-85CDF3BF3E65}.Debug|Any CPU.ActiveCfg = Debug|Any CPU
		{00FC509C-10A0-4AE4-A6F6-85CDF3BF3E65}.Debug|Any CPU.Build.0 = Debug|Any CPU
		{00FC509C-10A0-4AE4-A6F6-85CDF3BF3E65}.Release|Any CPU.ActiveCfg = Release|Any CPU
		{00FC509C-10A0-4AE4-A6F6-85CDF3BF3E65}.Release|Any CPU.Build.0 = Release|Any CPU
		{BB59B522-9EC4-458D-8308-5B837D2C5218}.Debug|Any CPU.ActiveCfg = Debug|Any CPU
		{BB59B522-9EC4-458D-8308-5B837D2C5218}.Debug|Any CPU.Build.0 = Debug|Any CPU
		{BB59B522-9EC4-458D-8308-5B837D2C5218}.Release|Any CPU.ActiveCfg = Release|Any CPU
		{BB59B522-9EC4-458D-8308-5B837D2C5218}.Release|Any CPU.Build.0 = Release|Any CPU
		{A12C25C7-D38F-4910-B9BD-D0B9DC19316E}.Debug|Any CPU.ActiveCfg = Debug|Any CPU
		{A12C25C7-D38F-4910-B9BD-D0B9DC19316E}.Debug|Any CPU.Build.0 = Debug|Any CPU
		{A12C25C7-D38F-4910-B9BD-D0B9DC19316E}.Release|Any CPU.ActiveCfg = Release|Any CPU
		{A12C25C7-D38F-4910-B9BD-D0B9DC19316E}.Release|Any CPU.Build.0 = Release|Any CPU
		{A476A574-962C-4D92-99F1-D66FA6D5952C}.Debug|Any CPU.ActiveCfg = Debug|Any CPU
		{A476A574-962C-4D92-99F1-D66FA6D5952C}.Debug|Any CPU.Build.0 = Debug|Any CPU
		{A476A574-962C-4D92-99F1-D66FA6D5952C}.Release|Any CPU.ActiveCfg = Release|Any CPU
		{A476A574-962C-4D92-99F1-D66FA6D5952C}.Release|Any CPU.Build.0 = Release|Any CPU
		{4AEC9671-8ABA-4097-AF5E-F79F7D61B55F}.Debug|Any CPU.ActiveCfg = Debug|Any CPU
		{4AEC9671-8ABA-4097-AF5E-F79F7D61B55F}.Debug|Any CPU.Build.0 = Debug|Any CPU
		{4AEC9671-8ABA-4097-AF5E-F79F7D61B55F}.Release|Any CPU.ActiveCfg = Release|Any CPU
		{4AEC9671-8ABA-4097-AF5E-F79F7D61B55F}.Release|Any CPU.Build.0 = Release|Any CPU
		{CE2DAFC4-F3F9-4CA2-8413-EBB59A34936A}.Debug|Any CPU.ActiveCfg = Debug|Any CPU
		{CE2DAFC4-F3F9-4CA2-8413-EBB59A34936A}.Debug|Any CPU.Build.0 = Debug|Any CPU
		{CE2DAFC4-F3F9-4CA2-8413-EBB59A34936A}.Release|Any CPU.ActiveCfg = Release|Any CPU
		{CE2DAFC4-F3F9-4CA2-8413-EBB59A34936A}.Release|Any CPU.Build.0 = Release|Any CPU
		{CE9144D5-7610-472E-A8BF-48324CD7155E}.Debug|Any CPU.ActiveCfg = Debug|Any CPU
		{CE9144D5-7610-472E-A8BF-48324CD7155E}.Debug|Any CPU.Build.0 = Debug|Any CPU
		{CE9144D5-7610-472E-A8BF-48324CD7155E}.Release|Any CPU.ActiveCfg = Release|Any CPU
		{CE9144D5-7610-472E-A8BF-48324CD7155E}.Release|Any CPU.Build.0 = Release|Any CPU
		{617C04C8-12D1-4EFB-BF66-DC65FD20186C}.Debug|Any CPU.ActiveCfg = Debug|Any CPU
		{617C04C8-12D1-4EFB-BF66-DC65FD20186C}.Debug|Any CPU.Build.0 = Debug|Any CPU
		{617C04C8-12D1-4EFB-BF66-DC65FD20186C}.Release|Any CPU.ActiveCfg = Release|Any CPU
		{617C04C8-12D1-4EFB-BF66-DC65FD20186C}.Release|Any CPU.Build.0 = Release|Any CPU
		{74CEB8D8-B03F-4A05-AF13-D6D7CC18AB55}.Debug|Any CPU.ActiveCfg = Debug|Any CPU
		{74CEB8D8-B03F-4A05-AF13-D6D7CC18AB55}.Debug|Any CPU.Build.0 = Debug|Any CPU
		{74CEB8D8-B03F-4A05-AF13-D6D7CC18AB55}.Release|Any CPU.ActiveCfg = Release|Any CPU
		{74CEB8D8-B03F-4A05-AF13-D6D7CC18AB55}.Release|Any CPU.Build.0 = Release|Any CPU
		{6A1BA777-45D8-4E67-B5E4-36848853E124}.Debug|Any CPU.ActiveCfg = Debug|Any CPU
		{6A1BA777-45D8-4E67-B5E4-36848853E124}.Debug|Any CPU.Build.0 = Debug|Any CPU
		{6A1BA777-45D8-4E67-B5E4-36848853E124}.Release|Any CPU.ActiveCfg = Release|Any CPU
		{6A1BA777-45D8-4E67-B5E4-36848853E124}.Release|Any CPU.Build.0 = Release|Any CPU
		{C20F7060-FEE0-4069-91E0-793AD87F526D}.Debug|Any CPU.ActiveCfg = Debug|Any CPU
		{C20F7060-FEE0-4069-91E0-793AD87F526D}.Debug|Any CPU.Build.0 = Debug|Any CPU
		{C20F7060-FEE0-4069-91E0-793AD87F526D}.Release|Any CPU.ActiveCfg = Release|Any CPU
		{C20F7060-FEE0-4069-91E0-793AD87F526D}.Release|Any CPU.Build.0 = Release|Any CPU
		{62868C67-DCD0-4448-AC93-55C4015AB811}.Debug|Any CPU.ActiveCfg = Debug|Any CPU
		{62868C67-DCD0-4448-AC93-55C4015AB811}.Debug|Any CPU.Build.0 = Debug|Any CPU
		{62868C67-DCD0-4448-AC93-55C4015AB811}.Release|Any CPU.ActiveCfg = Release|Any CPU
		{62868C67-DCD0-4448-AC93-55C4015AB811}.Release|Any CPU.Build.0 = Release|Any CPU
		{B8508BA2-B564-4E2A-8A47-A82E4B04169C}.Debug|Any CPU.ActiveCfg = Debug|Any CPU
		{B8508BA2-B564-4E2A-8A47-A82E4B04169C}.Debug|Any CPU.Build.0 = Debug|Any CPU
		{B8508BA2-B564-4E2A-8A47-A82E4B04169C}.Release|Any CPU.ActiveCfg = Release|Any CPU
		{B8508BA2-B564-4E2A-8A47-A82E4B04169C}.Release|Any CPU.Build.0 = Release|Any CPU
		{A1D193F5-876A-4A91-B5BD-2113A2962F82}.Debug|Any CPU.ActiveCfg = Debug|Any CPU
		{A1D193F5-876A-4A91-B5BD-2113A2962F82}.Debug|Any CPU.Build.0 = Debug|Any CPU
		{A1D193F5-876A-4A91-B5BD-2113A2962F82}.Release|Any CPU.ActiveCfg = Release|Any CPU
		{A1D193F5-876A-4A91-B5BD-2113A2962F82}.Release|Any CPU.Build.0 = Release|Any CPU
		{AAF4D2E2-EBA6-4459-98B4-19B1AC19A682}.Debug|Any CPU.ActiveCfg = Debug|Any CPU
		{AAF4D2E2-EBA6-4459-98B4-19B1AC19A682}.Debug|Any CPU.Build.0 = Debug|Any CPU
		{AAF4D2E2-EBA6-4459-98B4-19B1AC19A682}.Release|Any CPU.ActiveCfg = Release|Any CPU
		{AAF4D2E2-EBA6-4459-98B4-19B1AC19A682}.Release|Any CPU.Build.0 = Release|Any CPU
		{63D4F358-BD95-42CE-A229-7D0EA605ED5D}.Debug|Any CPU.ActiveCfg = Debug|Any CPU
		{63D4F358-BD95-42CE-A229-7D0EA605ED5D}.Debug|Any CPU.Build.0 = Debug|Any CPU
		{63D4F358-BD95-42CE-A229-7D0EA605ED5D}.Release|Any CPU.ActiveCfg = Release|Any CPU
		{63D4F358-BD95-42CE-A229-7D0EA605ED5D}.Release|Any CPU.Build.0 = Release|Any CPU
		{F822E35C-8854-42AA-BB6F-8AC276080DBB}.Debug|Any CPU.ActiveCfg = Debug|Any CPU
		{F822E35C-8854-42AA-BB6F-8AC276080DBB}.Debug|Any CPU.Build.0 = Debug|Any CPU
		{F822E35C-8854-42AA-BB6F-8AC276080DBB}.Release|Any CPU.ActiveCfg = Release|Any CPU
		{F822E35C-8854-42AA-BB6F-8AC276080DBB}.Release|Any CPU.Build.0 = Release|Any CPU
		{87741E3B-0C6D-41F0-B018-D1C6A9185103}.Debug|Any CPU.ActiveCfg = Debug|Any CPU
		{87741E3B-0C6D-41F0-B018-D1C6A9185103}.Debug|Any CPU.Build.0 = Debug|Any CPU
		{87741E3B-0C6D-41F0-B018-D1C6A9185103}.Release|Any CPU.ActiveCfg = Release|Any CPU
		{87741E3B-0C6D-41F0-B018-D1C6A9185103}.Release|Any CPU.Build.0 = Release|Any CPU
		{73EAB9E5-3325-43DC-82DC-0FA79E36AED2}.Debug|Any CPU.ActiveCfg = Debug|Any CPU
		{73EAB9E5-3325-43DC-82DC-0FA79E36AED2}.Debug|Any CPU.Build.0 = Debug|Any CPU
		{73EAB9E5-3325-43DC-82DC-0FA79E36AED2}.Release|Any CPU.ActiveCfg = Release|Any CPU
		{73EAB9E5-3325-43DC-82DC-0FA79E36AED2}.Release|Any CPU.Build.0 = Release|Any CPU
		{39604531-C8E9-484F-B5F5-7E1F841F8FB0}.Debug|Any CPU.ActiveCfg = Debug|Any CPU
		{39604531-C8E9-484F-B5F5-7E1F841F8FB0}.Debug|Any CPU.Build.0 = Debug|Any CPU
		{39604531-C8E9-484F-B5F5-7E1F841F8FB0}.Release|Any CPU.ActiveCfg = Release|Any CPU
		{39604531-C8E9-484F-B5F5-7E1F841F8FB0}.Release|Any CPU.Build.0 = Release|Any CPU
		{DB397E13-A0A3-429E-88AD-6306BC56643F}.Debug|Any CPU.ActiveCfg = Debug|Any CPU
		{DB397E13-A0A3-429E-88AD-6306BC56643F}.Debug|Any CPU.Build.0 = Debug|Any CPU
		{DB397E13-A0A3-429E-88AD-6306BC56643F}.Release|Any CPU.ActiveCfg = Release|Any CPU
		{DB397E13-A0A3-429E-88AD-6306BC56643F}.Release|Any CPU.Build.0 = Release|Any CPU
		{F5858434-C975-4737-A691-A0E8C01698A9}.Debug|Any CPU.ActiveCfg = Debug|Any CPU
		{F5858434-C975-4737-A691-A0E8C01698A9}.Debug|Any CPU.Build.0 = Debug|Any CPU
		{F5858434-C975-4737-A691-A0E8C01698A9}.Release|Any CPU.ActiveCfg = Release|Any CPU
		{F5858434-C975-4737-A691-A0E8C01698A9}.Release|Any CPU.Build.0 = Release|Any CPU
		{DFC89CC2-758B-4FD7-8501-BED917FB5605}.Debug|Any CPU.ActiveCfg = Debug|Any CPU
		{DFC89CC2-758B-4FD7-8501-BED917FB5605}.Debug|Any CPU.Build.0 = Debug|Any CPU
		{DFC89CC2-758B-4FD7-8501-BED917FB5605}.Release|Any CPU.ActiveCfg = Release|Any CPU
		{DFC89CC2-758B-4FD7-8501-BED917FB5605}.Release|Any CPU.Build.0 = Release|Any CPU
		{F834BF7F-4813-40A0-830B-64B55E05F61D}.Debug|Any CPU.ActiveCfg = Debug|Any CPU
		{F834BF7F-4813-40A0-830B-64B55E05F61D}.Debug|Any CPU.Build.0 = Debug|Any CPU
		{F834BF7F-4813-40A0-830B-64B55E05F61D}.Release|Any CPU.ActiveCfg = Release|Any CPU
		{F834BF7F-4813-40A0-830B-64B55E05F61D}.Release|Any CPU.Build.0 = Release|Any CPU
		{518D285C-5B0A-4F4C-8153-1699E8EA2DE7}.Debug|Any CPU.ActiveCfg = Debug|Any CPU
		{518D285C-5B0A-4F4C-8153-1699E8EA2DE7}.Debug|Any CPU.Build.0 = Debug|Any CPU
		{518D285C-5B0A-4F4C-8153-1699E8EA2DE7}.Release|Any CPU.ActiveCfg = Release|Any CPU
		{518D285C-5B0A-4F4C-8153-1699E8EA2DE7}.Release|Any CPU.Build.0 = Release|Any CPU
		{FECB83F8-FFC9-4C36-89FB-1EC5B46FD60C}.Debug|Any CPU.ActiveCfg = Debug|Any CPU
		{FECB83F8-FFC9-4C36-89FB-1EC5B46FD60C}.Debug|Any CPU.Build.0 = Debug|Any CPU
		{FECB83F8-FFC9-4C36-89FB-1EC5B46FD60C}.Release|Any CPU.ActiveCfg = Release|Any CPU
		{FECB83F8-FFC9-4C36-89FB-1EC5B46FD60C}.Release|Any CPU.Build.0 = Release|Any CPU
		{C0427A1F-8D19-4DFC-AAE6-029F123B6C93}.Debug|Any CPU.ActiveCfg = Debug|Any CPU
		{C0427A1F-8D19-4DFC-AAE6-029F123B6C93}.Debug|Any CPU.Build.0 = Debug|Any CPU
		{C0427A1F-8D19-4DFC-AAE6-029F123B6C93}.Release|Any CPU.ActiveCfg = Release|Any CPU
		{C0427A1F-8D19-4DFC-AAE6-029F123B6C93}.Release|Any CPU.Build.0 = Release|Any CPU
		{3A13D9DC-64CB-4B97-A2FA-BEBC49A21754}.Debug|Any CPU.ActiveCfg = Debug|Any CPU
		{3A13D9DC-64CB-4B97-A2FA-BEBC49A21754}.Debug|Any CPU.Build.0 = Debug|Any CPU
		{3A13D9DC-64CB-4B97-A2FA-BEBC49A21754}.Release|Any CPU.ActiveCfg = Release|Any CPU
		{3A13D9DC-64CB-4B97-A2FA-BEBC49A21754}.Release|Any CPU.Build.0 = Release|Any CPU
		{66D0F58B-7452-4274-A554-C1048D649894}.Debug|Any CPU.ActiveCfg = Debug|Any CPU
		{66D0F58B-7452-4274-A554-C1048D649894}.Debug|Any CPU.Build.0 = Debug|Any CPU
		{66D0F58B-7452-4274-A554-C1048D649894}.Release|Any CPU.ActiveCfg = Release|Any CPU
		{66D0F58B-7452-4274-A554-C1048D649894}.Release|Any CPU.Build.0 = Release|Any CPU
		{A36EDF53-03EE-4205-BF5E-59E13D5A023F}.Debug|Any CPU.ActiveCfg = Debug|Any CPU
		{A36EDF53-03EE-4205-BF5E-59E13D5A023F}.Debug|Any CPU.Build.0 = Debug|Any CPU
		{A36EDF53-03EE-4205-BF5E-59E13D5A023F}.Release|Any CPU.ActiveCfg = Release|Any CPU
		{A36EDF53-03EE-4205-BF5E-59E13D5A023F}.Release|Any CPU.Build.0 = Release|Any CPU
		{4CD450A8-E929-41E9-859F-1B3F63690E43}.Debug|Any CPU.ActiveCfg = Debug|Any CPU
		{4CD450A8-E929-41E9-859F-1B3F63690E43}.Debug|Any CPU.Build.0 = Debug|Any CPU
		{4CD450A8-E929-41E9-859F-1B3F63690E43}.Release|Any CPU.ActiveCfg = Release|Any CPU
		{4CD450A8-E929-41E9-859F-1B3F63690E43}.Release|Any CPU.Build.0 = Release|Any CPU
	EndGlobalSection
	GlobalSection(SolutionProperties) = preSolution
		HideSolutionNode = FALSE
	EndGlobalSection
	GlobalSection(NestedProjects) = preSolution
		{BEC3105F-4A55-49E1-BED2-F5246064E1FE} = {696B6A86-AAD7-452E-8E0E-80F7BD06B041}
		{2CF75E56-48A3-4656-9481-590A832900FE} = {696B6A86-AAD7-452E-8E0E-80F7BD06B041}
		{EB9B5264-864C-4C37-BCA6-DAD4E31BF314} = {696B6A86-AAD7-452E-8E0E-80F7BD06B041}
		{2394E98B-83CD-450D-BB31-212B12C2377F} = {696B6A86-AAD7-452E-8E0E-80F7BD06B041}
		{8D905F0F-C555-4980-BDD5-6E38E7D3F0E1} = {696B6A86-AAD7-452E-8E0E-80F7BD06B041}
		{0934579D-0542-42C6-998D-3BE6C712F2EB} = {696B6A86-AAD7-452E-8E0E-80F7BD06B041}
		{1591C62F-B4C4-4FC9-9B71-704C712CE5F9} = {696B6A86-AAD7-452E-8E0E-80F7BD06B041}
		{946BC8C4-7CE0-4114-9C30-3EA78477965F} = {696B6A86-AAD7-452E-8E0E-80F7BD06B041}
		{E681DB6A-746E-45D6-A929-C86843B317F4} = {696B6A86-AAD7-452E-8E0E-80F7BD06B041}
		{6F676B1F-462A-4B31-A553-838A4B55D912} = {696B6A86-AAD7-452E-8E0E-80F7BD06B041}
		{612FC001-5744-48CF-B656-78CE1E1A9584} = {696B6A86-AAD7-452E-8E0E-80F7BD06B041}
		{302FFB35-38CD-4C82-8D15-4A7253ECB045} = {696B6A86-AAD7-452E-8E0E-80F7BD06B041}
		{8669901B-ADAD-4246-A0F7-B4D1135BDF93} = {696B6A86-AAD7-452E-8E0E-80F7BD06B041}
		{3C41F237-C587-4F69-98E0-5E8EBADC25ED} = {696B6A86-AAD7-452E-8E0E-80F7BD06B041}
		{E93308AF-1F20-4FF6-9E42-89114816A04F} = {696B6A86-AAD7-452E-8E0E-80F7BD06B041}
		{284D43BE-C08D-4F81-A696-FDF7351B7472} = {696B6A86-AAD7-452E-8E0E-80F7BD06B041}
		{00FC509C-10A0-4AE4-A6F6-85CDF3BF3E65} = {696B6A86-AAD7-452E-8E0E-80F7BD06B041}
		{BB59B522-9EC4-458D-8308-5B837D2C5218} = {696B6A86-AAD7-452E-8E0E-80F7BD06B041}
		{A12C25C7-D38F-4910-B9BD-D0B9DC19316E} = {696B6A86-AAD7-452E-8E0E-80F7BD06B041}
		{A476A574-962C-4D92-99F1-D66FA6D5952C} = {696B6A86-AAD7-452E-8E0E-80F7BD06B041}
		{4AEC9671-8ABA-4097-AF5E-F79F7D61B55F} = {696B6A86-AAD7-452E-8E0E-80F7BD06B041}
		{CE2DAFC4-F3F9-4CA2-8413-EBB59A34936A} = {696B6A86-AAD7-452E-8E0E-80F7BD06B041}
		{CE9144D5-7610-472E-A8BF-48324CD7155E} = {696B6A86-AAD7-452E-8E0E-80F7BD06B041}
		{617C04C8-12D1-4EFB-BF66-DC65FD20186C} = {696B6A86-AAD7-452E-8E0E-80F7BD06B041}
		{74CEB8D8-B03F-4A05-AF13-D6D7CC18AB55} = {696B6A86-AAD7-452E-8E0E-80F7BD06B041}
		{6A1BA777-45D8-4E67-B5E4-36848853E124} = {696B6A86-AAD7-452E-8E0E-80F7BD06B041}
		{C20F7060-FEE0-4069-91E0-793AD87F526D} = {696B6A86-AAD7-452E-8E0E-80F7BD06B041}
		{62868C67-DCD0-4448-AC93-55C4015AB811} = {696B6A86-AAD7-452E-8E0E-80F7BD06B041}
		{B8508BA2-B564-4E2A-8A47-A82E4B04169C} = {696B6A86-AAD7-452E-8E0E-80F7BD06B041}
		{A1D193F5-876A-4A91-B5BD-2113A2962F82} = {696B6A86-AAD7-452E-8E0E-80F7BD06B041}
		{AAF4D2E2-EBA6-4459-98B4-19B1AC19A682} = {696B6A86-AAD7-452E-8E0E-80F7BD06B041}
		{63D4F358-BD95-42CE-A229-7D0EA605ED5D} = {696B6A86-AAD7-452E-8E0E-80F7BD06B041}
		{F822E35C-8854-42AA-BB6F-8AC276080DBB} = {696B6A86-AAD7-452E-8E0E-80F7BD06B041}
		{87741E3B-0C6D-41F0-B018-D1C6A9185103} = {696B6A86-AAD7-452E-8E0E-80F7BD06B041}
		{73EAB9E5-3325-43DC-82DC-0FA79E36AED2} = {696B6A86-AAD7-452E-8E0E-80F7BD06B041}
		{39604531-C8E9-484F-B5F5-7E1F841F8FB0} = {696B6A86-AAD7-452E-8E0E-80F7BD06B041}
		{DB397E13-A0A3-429E-88AD-6306BC56643F} = {696B6A86-AAD7-452E-8E0E-80F7BD06B041}
		{F5858434-C975-4737-A691-A0E8C01698A9} = {696B6A86-AAD7-452E-8E0E-80F7BD06B041}
		{DFC89CC2-758B-4FD7-8501-BED917FB5605} = {696B6A86-AAD7-452E-8E0E-80F7BD06B041}
		{F834BF7F-4813-40A0-830B-64B55E05F61D} = {696B6A86-AAD7-452E-8E0E-80F7BD06B041}
		{518D285C-5B0A-4F4C-8153-1699E8EA2DE7} = {696B6A86-AAD7-452E-8E0E-80F7BD06B041}
		{FECB83F8-FFC9-4C36-89FB-1EC5B46FD60C} = {696B6A86-AAD7-452E-8E0E-80F7BD06B041}
		{C0427A1F-8D19-4DFC-AAE6-029F123B6C93} = {696B6A86-AAD7-452E-8E0E-80F7BD06B041}
		{3A13D9DC-64CB-4B97-A2FA-BEBC49A21754} = {696B6A86-AAD7-452E-8E0E-80F7BD06B041}
		{66D0F58B-7452-4274-A554-C1048D649894} = {696B6A86-AAD7-452E-8E0E-80F7BD06B041}
		{A36EDF53-03EE-4205-BF5E-59E13D5A023F} = {696B6A86-AAD7-452E-8E0E-80F7BD06B041}
		{4CD450A8-E929-41E9-859F-1B3F63690E43} = {696B6A86-AAD7-452E-8E0E-80F7BD06B041}
	EndGlobalSection
	GlobalSection(ExtensibilityGlobals) = postSolution
		SolutionGuid = {F7A905ED-EE86-46C0-8666-8D0744DD8A38}
	EndGlobalSection
EndGlobal
