
Microsoft Visual Studio Solution File, Format Version 12.00
# Visual Studio Version 17
VisualStudioVersion = 17.2.32630.192
MinimumVisualStudioVersion = 10.0.40219.1
Project("{9A19103F-16F7-4668-BE54-9A1E7A4F7556}") = "R5T.F0058", "R5T.F0058\R5T.F0058.csproj", "{2F18591D-C768-4C4A-B9CA-03767D4D9FE9}"
EndProject
Global
	GlobalSection(SolutionConfigurationPlatforms) = preSolution
		Debug|Any CPU = Debug|Any CPU
		Release|Any CPU = Release|Any CPU
	EndGlobalSection
	GlobalSection(ProjectConfigurationPlatforms) = postSolution
		{2F18591D-C768-4C4A-B9CA-03767D4D9FE9}.Debug|Any CPU.ActiveCfg = Debug|Any CPU
		{2F18591D-C768-4C4A-B9CA-03767D4D9FE9}.Debug|Any CPU.Build.0 = Debug|Any CPU
		{2F18591D-C768-4C4A-B9CA-03767D4D9FE9}.Release|Any CPU.ActiveCfg = Release|Any CPU
		{2F18591D-C768-4C4A-B9CA-03767D4D9FE9}.Release|Any CPU.Build.0 = Release|Any CPU
	EndGlobalSection
	GlobalSection(SolutionProperties) = preSolution
		HideSolutionNode = FALSE
	EndGlobalSection
	GlobalSection(ExtensibilityGlobals) = postSolution
		SolutionGuid = {F7A905ED-EE86-46C0-8666-8D0744DD8A38}
	EndGlobalSection
EndGlobal
